
Microsoft Visual Studio Solution File, Format Version 10.00
# Visual Studio 2008
Project("{FAE04EC0-301F-11D3-BF4B-00C04F79EFBC}") = "MyCsla", "MyCsla\MyCsla.csproj", "{295CB224-EE2D-41FD-8335-7570CE8FCFF9}"
EndProject
Project("{FAE04EC0-301F-11D3-BF4B-00C04F79EFBC}") = "MyCslaSample", "MyCslaSample\MyCslaSample.csproj", "{C4BB725C-3D2D-4AF2-A0F1-2ED0E7E9C42C}"
EndProject
Project("{FAE04EC0-301F-11D3-BF4B-00C04F79EFBC}") = "CustomFieldData", "CustomFieldData\CustomFieldData.csproj", "{2B44E5AD-D90D-4693-9F3B-045AB2E37C7C}"
EndProject
Project("{FAE04EC0-301F-11D3-BF4B-00C04F79EFBC}") = "CustomFieldData.Tests", "CustomFieldData.Tests\CustomFieldData.Tests.csproj", "{A63A4B1F-28F2-45FA-9DB3-888EFBB72F75}"
EndProject
Global
	GlobalSection(SolutionConfigurationPlatforms) = preSolution
		Debug|Any CPU = Debug|Any CPU
		Release|Any CPU = Release|Any CPU
	EndGlobalSection
	GlobalSection(ProjectConfigurationPlatforms) = postSolution
		{295CB224-EE2D-41FD-8335-7570CE8FCFF9}.Debug|Any CPU.ActiveCfg = Debug|Any CPU
		{295CB224-EE2D-41FD-8335-7570CE8FCFF9}.Debug|Any CPU.Build.0 = Debug|Any CPU
		{295CB224-EE2D-41FD-8335-7570CE8FCFF9}.Release|Any CPU.ActiveCfg = Release|Any CPU
		{295CB224-EE2D-41FD-8335-7570CE8FCFF9}.Release|Any CPU.Build.0 = Release|Any CPU
		{C4BB725C-3D2D-4AF2-A0F1-2ED0E7E9C42C}.Debug|Any CPU.ActiveCfg = Debug|Any CPU
		{C4BB725C-3D2D-4AF2-A0F1-2ED0E7E9C42C}.Debug|Any CPU.Build.0 = Debug|Any CPU
		{C4BB725C-3D2D-4AF2-A0F1-2ED0E7E9C42C}.Release|Any CPU.ActiveCfg = Release|Any CPU
		{C4BB725C-3D2D-4AF2-A0F1-2ED0E7E9C42C}.Release|Any CPU.Build.0 = Release|Any CPU
		{2B44E5AD-D90D-4693-9F3B-045AB2E37C7C}.Debug|Any CPU.ActiveCfg = Debug|Any CPU
		{2B44E5AD-D90D-4693-9F3B-045AB2E37C7C}.Debug|Any CPU.Build.0 = Debug|Any CPU
		{2B44E5AD-D90D-4693-9F3B-045AB2E37C7C}.Release|Any CPU.ActiveCfg = Release|Any CPU
		{2B44E5AD-D90D-4693-9F3B-045AB2E37C7C}.Release|Any CPU.Build.0 = Release|Any CPU
		{A63A4B1F-28F2-45FA-9DB3-888EFBB72F75}.Debug|Any CPU.ActiveCfg = Debug|Any CPU
		{A63A4B1F-28F2-45FA-9DB3-888EFBB72F75}.Debug|Any CPU.Build.0 = Debug|Any CPU
		{A63A4B1F-28F2-45FA-9DB3-888EFBB72F75}.Release|Any CPU.ActiveCfg = Release|Any CPU
		{A63A4B1F-28F2-45FA-9DB3-888EFBB72F75}.Release|Any CPU.Build.0 = Release|Any CPU
	EndGlobalSection
	GlobalSection(SolutionProperties) = preSolution
		HideSolutionNode = FALSE
	EndGlobalSection
EndGlobal
