
Microsoft Visual Studio Solution File, Format Version 9.00
# Visual Studio 2005
Project("{FAE04EC0-301F-11D3-BF4B-00C04F79EFBC}") = "Northwind.CSLA.Library", "Northwind.CSLA.Library\Northwind.CSLA.Library.csproj", "{2F4D21BC-A7E6-49D9-BBE4-50303D6E3556}"
EndProject
Project("{FAE04EC0-301F-11D3-BF4B-00C04F79EFBC}") = "WinApp", "WinApp\WinApp.csproj", "{8D8AD1C7-0A6A-45E1-9460-955A9CD3C26F}"
EndProject
Project("{2150E333-8FDC-42A3-9474-1A3956D46DE8}") = "Solution Items", "Solution Items", "{A5572B67-0AA4-40FB-BCF3-944C902B9670}"
	ProjectSection(SolutionItems) = preProject
		Northwind.SQL = Northwind.SQL
	EndProjectSection
EndProject
Global
	GlobalSection(TeamFoundationVersionControl) = preSolution
		SccNumberOfProjects = 3
		SccEnterpriseProvider = {4CA58AB2-18FA-4F8D-95D4-32DDF27D184C}
		SccTeamFoundationServer = https://tfs01.codeplex.com/
		SccLocalPath0 = .
		SccProjectUniqueName1 = Northwind.CSLA.Library\\Northwind.CSLA.Library.csproj
		SccProjectName1 = Northwind.CSLA.Library
		SccLocalPath1 = Northwind.CSLA.Library
		SccProjectUniqueName2 = WinApp\\WinApp.csproj
		SccProjectName2 = WinApp
		SccLocalPath2 = WinApp
	EndGlobalSection
	GlobalSection(SolutionConfigurationPlatforms) = preSolution
		Debug|Any CPU = Debug|Any CPU
		Release|Any CPU = Release|Any CPU
	EndGlobalSection
	GlobalSection(ProjectConfigurationPlatforms) = postSolution
		{2F4D21BC-A7E6-49D9-BBE4-50303D6E3556}.Debug|Any CPU.ActiveCfg = Debug|Any CPU
		{2F4D21BC-A7E6-49D9-BBE4-50303D6E3556}.Debug|Any CPU.Build.0 = Debug|Any CPU
		{2F4D21BC-A7E6-49D9-BBE4-50303D6E3556}.Release|Any CPU.ActiveCfg = Release|Any CPU
		{2F4D21BC-A7E6-49D9-BBE4-50303D6E3556}.Release|Any CPU.Build.0 = Release|Any CPU
		{8D8AD1C7-0A6A-45E1-9460-955A9CD3C26F}.Debug|Any CPU.ActiveCfg = Debug|Any CPU
		{8D8AD1C7-0A6A-45E1-9460-955A9CD3C26F}.Debug|Any CPU.Build.0 = Debug|Any CPU
		{8D8AD1C7-0A6A-45E1-9460-955A9CD3C26F}.Release|Any CPU.ActiveCfg = Release|Any CPU
		{8D8AD1C7-0A6A-45E1-9460-955A9CD3C26F}.Release|Any CPU.Build.0 = Release|Any CPU
	EndGlobalSection
	GlobalSection(SolutionProperties) = preSolution
		HideSolutionNode = FALSE
	EndGlobalSection
EndGlobal
