
Microsoft Visual Studio Solution File, Format Version 11.00
# Visual Studio 2010
Project("{FAE04EC0-301F-11D3-BF4B-00C04F79EFBC}") = "SmartDateExtendedParserSample", "SmartDateExtendedParserSample.csproj", "{524E3B61-6F79-4F3E-BEB6-C1740287419E}"
EndProject
Global
	GlobalSection(SolutionConfigurationPlatforms) = preSolution
		Debug|x86 = Debug|x86
		Release|x86 = Release|x86
	EndGlobalSection
	GlobalSection(ProjectConfigurationPlatforms) = postSolution
		{524E3B61-6F79-4F3E-BEB6-C1740287419E}.Debug|x86.ActiveCfg = Debug|x86
		{524E3B61-6F79-4F3E-BEB6-C1740287419E}.Debug|x86.Build.0 = Debug|x86
		{524E3B61-6F79-4F3E-BEB6-C1740287419E}.Release|x86.ActiveCfg = Release|x86
		{524E3B61-6F79-4F3E-BEB6-C1740287419E}.Release|x86.Build.0 = Release|x86
	EndGlobalSection
	GlobalSection(SolutionProperties) = preSolution
		HideSolutionNode = FALSE
	EndGlobalSection
EndGlobal
