
Microsoft Visual Studio Solution File, Format Version 12.00
# Visual Studio 2012
Project("{FAE04EC0-301F-11D3-BF4B-00C04F79EFBC}") = "MEFSample.UI", "MEFSample.UI\MEFSample.UI.csproj", "{A46A49E3-655D-40D3-89A8-3EAC81E7D54E}"
EndProject
Project("{FAE04EC0-301F-11D3-BF4B-00C04F79EFBC}") = "MEFSample.Repository.Business", "MEFSample.Business\MEFSample.Repository.Business.csproj", "{AE8E6F84-2F8F-4F9D-8D93-40B6C9FAE18B}"
EndProject
Project("{FAE04EC0-301F-11D3-BF4B-00C04F79EFBC}") = "MEFSample.Repository.DAL", "MEFSample.Repository.DAL\MEFSample.Repository.DAL.csproj", "{D0BE9790-AB6D-4D09-88BB-CC592071F4AE}"
EndProject
Project("{FAE04EC0-301F-11D3-BF4B-00C04F79EFBC}") = "MEFSample.Respository.Business.Test", "MEFSample.Respository.Business.Test\MEFSample.Respository.Business.Test.csproj", "{AFF58DA2-C75C-4F48-BC4D-58F061AFBC8C}"
EndProject
Project("{2150E333-8FDC-42A3-9474-1A3956D46DE8}") = "Solution Items", "Solution Items", "{CF96518C-CA60-4078-AB53-5886502D4F59}"
	ProjectSection(SolutionItems) = preProject
		Local.testsettings = Local.testsettings
		MEFRepository.vsmdi = MEFRepository.vsmdi
		..\Readme.txt = ..\Readme.txt
		TraceAndTestImpact.testsettings = TraceAndTestImpact.testsettings
	EndProjectSection
EndProject
Global
	GlobalSection(TeamFoundationVersionControl) = preSolution
		SccNumberOfProjects = 5
		SccEnterpriseProvider = {4CA58AB2-18FA-4F8D-95D4-32DDF27D184C}
		SccTeamFoundationServer = https://tfs.codeplex.com/tfs/tfs01
		SccLocalPath0 = .
		SccProjectUniqueName1 = MEFSample.UI\\MEFSample.UI.csproj
		SccProjectName1 = MEFSample.UI
		SccLocalPath1 = MEFSample.UI
		SccProjectUniqueName2 = MEFSample.Business\\MEFSample.Repository.Business.csproj
		SccProjectName2 = MEFSample.Business
		SccLocalPath2 = MEFSample.Business
		SccProjectUniqueName3 = MEFSample.Repository.DAL\\MEFSample.Repository.DAL.csproj
		SccProjectName3 = MEFSample.Repository.DAL
		SccLocalPath3 = MEFSample.Repository.DAL
		SccProjectUniqueName4 = MEFSample.Respository.Business.Test\\MEFSample.Respository.Business.Test.csproj
		SccProjectName4 = MEFSample.Respository.Business.Test
		SccLocalPath4 = MEFSample.Respository.Business.Test
	EndGlobalSection
	GlobalSection(TestCaseManagementSettings) = postSolution
		CategoryFile = MEFRepository.vsmdi
	EndGlobalSection
	GlobalSection(SolutionConfigurationPlatforms) = preSolution
		Debug|Any CPU = Debug|Any CPU
		Debug|Mixed Platforms = Debug|Mixed Platforms
		Debug|x86 = Debug|x86
		Release|Any CPU = Release|Any CPU
		Release|Mixed Platforms = Release|Mixed Platforms
		Release|x86 = Release|x86
	EndGlobalSection
	GlobalSection(ProjectConfigurationPlatforms) = postSolution
		{A46A49E3-655D-40D3-89A8-3EAC81E7D54E}.Debug|Any CPU.ActiveCfg = Debug|x86
		{A46A49E3-655D-40D3-89A8-3EAC81E7D54E}.Debug|Mixed Platforms.ActiveCfg = Debug|x86
		{A46A49E3-655D-40D3-89A8-3EAC81E7D54E}.Debug|Mixed Platforms.Build.0 = Debug|x86
		{A46A49E3-655D-40D3-89A8-3EAC81E7D54E}.Debug|x86.ActiveCfg = Debug|x86
		{A46A49E3-655D-40D3-89A8-3EAC81E7D54E}.Debug|x86.Build.0 = Debug|x86
		{A46A49E3-655D-40D3-89A8-3EAC81E7D54E}.Release|Any CPU.ActiveCfg = Release|x86
		{A46A49E3-655D-40D3-89A8-3EAC81E7D54E}.Release|Mixed Platforms.ActiveCfg = Release|x86
		{A46A49E3-655D-40D3-89A8-3EAC81E7D54E}.Release|Mixed Platforms.Build.0 = Release|x86
		{A46A49E3-655D-40D3-89A8-3EAC81E7D54E}.Release|x86.ActiveCfg = Release|x86
		{A46A49E3-655D-40D3-89A8-3EAC81E7D54E}.Release|x86.Build.0 = Release|x86
		{AE8E6F84-2F8F-4F9D-8D93-40B6C9FAE18B}.Debug|Any CPU.ActiveCfg = Debug|Any CPU
		{AE8E6F84-2F8F-4F9D-8D93-40B6C9FAE18B}.Debug|Any CPU.Build.0 = Debug|Any CPU
		{AE8E6F84-2F8F-4F9D-8D93-40B6C9FAE18B}.Debug|Mixed Platforms.ActiveCfg = Debug|Any CPU
		{AE8E6F84-2F8F-4F9D-8D93-40B6C9FAE18B}.Debug|Mixed Platforms.Build.0 = Debug|Any CPU
		{AE8E6F84-2F8F-4F9D-8D93-40B6C9FAE18B}.Debug|x86.ActiveCfg = Debug|Any CPU
		{AE8E6F84-2F8F-4F9D-8D93-40B6C9FAE18B}.Release|Any CPU.ActiveCfg = Release|Any CPU
		{AE8E6F84-2F8F-4F9D-8D93-40B6C9FAE18B}.Release|Any CPU.Build.0 = Release|Any CPU
		{AE8E6F84-2F8F-4F9D-8D93-40B6C9FAE18B}.Release|Mixed Platforms.ActiveCfg = Release|Any CPU
		{AE8E6F84-2F8F-4F9D-8D93-40B6C9FAE18B}.Release|Mixed Platforms.Build.0 = Release|Any CPU
		{AE8E6F84-2F8F-4F9D-8D93-40B6C9FAE18B}.Release|x86.ActiveCfg = Release|Any CPU
		{D0BE9790-AB6D-4D09-88BB-CC592071F4AE}.Debug|Any CPU.ActiveCfg = Debug|Any CPU
		{D0BE9790-AB6D-4D09-88BB-CC592071F4AE}.Debug|Any CPU.Build.0 = Debug|Any CPU
		{D0BE9790-AB6D-4D09-88BB-CC592071F4AE}.Debug|Mixed Platforms.ActiveCfg = Debug|Any CPU
		{D0BE9790-AB6D-4D09-88BB-CC592071F4AE}.Debug|Mixed Platforms.Build.0 = Debug|Any CPU
		{D0BE9790-AB6D-4D09-88BB-CC592071F4AE}.Debug|x86.ActiveCfg = Debug|Any CPU
		{D0BE9790-AB6D-4D09-88BB-CC592071F4AE}.Release|Any CPU.ActiveCfg = Release|Any CPU
		{D0BE9790-AB6D-4D09-88BB-CC592071F4AE}.Release|Any CPU.Build.0 = Release|Any CPU
		{D0BE9790-AB6D-4D09-88BB-CC592071F4AE}.Release|Mixed Platforms.ActiveCfg = Release|Any CPU
		{D0BE9790-AB6D-4D09-88BB-CC592071F4AE}.Release|Mixed Platforms.Build.0 = Release|Any CPU
		{D0BE9790-AB6D-4D09-88BB-CC592071F4AE}.Release|x86.ActiveCfg = Release|Any CPU
		{AFF58DA2-C75C-4F48-BC4D-58F061AFBC8C}.Debug|Any CPU.ActiveCfg = Debug|Any CPU
		{AFF58DA2-C75C-4F48-BC4D-58F061AFBC8C}.Debug|Any CPU.Build.0 = Debug|Any CPU
		{AFF58DA2-C75C-4F48-BC4D-58F061AFBC8C}.Debug|Mixed Platforms.ActiveCfg = Debug|Any CPU
		{AFF58DA2-C75C-4F48-BC4D-58F061AFBC8C}.Debug|Mixed Platforms.Build.0 = Debug|Any CPU
		{AFF58DA2-C75C-4F48-BC4D-58F061AFBC8C}.Debug|x86.ActiveCfg = Debug|Any CPU
		{AFF58DA2-C75C-4F48-BC4D-58F061AFBC8C}.Release|Any CPU.ActiveCfg = Release|Any CPU
		{AFF58DA2-C75C-4F48-BC4D-58F061AFBC8C}.Release|Any CPU.Build.0 = Release|Any CPU
		{AFF58DA2-C75C-4F48-BC4D-58F061AFBC8C}.Release|Mixed Platforms.ActiveCfg = Release|Any CPU
		{AFF58DA2-C75C-4F48-BC4D-58F061AFBC8C}.Release|Mixed Platforms.Build.0 = Release|Any CPU
		{AFF58DA2-C75C-4F48-BC4D-58F061AFBC8C}.Release|x86.ActiveCfg = Release|Any CPU
	EndGlobalSection
	GlobalSection(SolutionProperties) = preSolution
		HideSolutionNode = FALSE
	EndGlobalSection
EndGlobal
