
Microsoft Visual Studio Solution File, Format Version 12.00
# Visual Studio 14
VisualStudioVersion = 14.0.25420.1
MinimumVisualStudioVersion = 10.0.40219.1
Project("{FAE04EC0-301F-11D3-BF4B-00C04F79EFBC}") = "MEFSample.UI", "MEFSample.UI\MEFSample.UI.csproj", "{A46A49E3-655D-40D3-89A8-3EAC81E7D54E}"
EndProject
Project("{FAE04EC0-301F-11D3-BF4B-00C04F79EFBC}") = "MEFSample.Repository.Business", "MEFSample.Business\MEFSample.Repository.Business.csproj", "{AE8E6F84-2F8F-4F9D-8D93-40B6C9FAE18B}"
EndProject
Project("{FAE04EC0-301F-11D3-BF4B-00C04F79EFBC}") = "MEFSample.Repository.DAL", "MEFSample.Repository.DAL\MEFSample.Repository.DAL.csproj", "{D0BE9790-AB6D-4D09-88BB-CC592071F4AE}"
EndProject
Project("{FAE04EC0-301F-11D3-BF4B-00C04F79EFBC}") = "MEFSample.Respository.Business.Test", "MEFSample.Respository.Business.Test\MEFSample.Respository.Business.Test.csproj", "{AFF58DA2-C75C-4F48-BC4D-58F061AFBC8C}"
EndProject
Project("{2150E333-8FDC-42A3-9474-1A3956D46DE8}") = "- Solution Items", "- Solution Items", "{CF96518C-CA60-4078-AB53-5886502D4F59}"
	ProjectSection(SolutionItems) = preProject
		Local.testsettings = Local.testsettings
		MEFRepository.vsmdi = MEFRepository.vsmdi
		..\Readme.txt = ..\Readme.txt
		TraceAndTestImpact.testsettings = TraceAndTestImpact.testsettings
	EndProjectSection
EndProject
Project("{2150E333-8FDC-42A3-9474-1A3956D46DE8}") = "Framework projects", "Framework projects", "{D181CA24-2A21-44AF-A5FB-47CBE60C76DA}"
EndProject
Project("{FAE04EC0-301F-11D3-BF4B-00C04F79EFBC}") = "CslaContrib.Net45", "..\..\..\Source\CslaContrib.Net45\CslaContrib.Net45.csproj", "{267A47BA-E5E2-489F-B1D7-B0D663AF316B}"
EndProject
Project("{FAE04EC0-301F-11D3-BF4B-00C04F79EFBC}") = "CslaContrib.MEF.Net45", "..\..\..\Source\CslaContrib.MEF.Net45\CslaContrib.MEF.Net45.csproj", "{06189757-FBB9-4D00-8B9E-7BEBB543E66C}"
EndProject
Project("{FAE04EC0-301F-11D3-BF4B-00C04F79EFBC}") = "CslaContrib.Windows.Net45", "..\..\..\Source\CslaContrib.Windows.Net45\CslaContrib.Windows.Net45.csproj", "{0E0AA042-151E-4D59-A26D-4D262660E491}"
EndProject
Global
	GlobalSection(SolutionConfigurationPlatforms) = preSolution
		Debug|Any CPU = Debug|Any CPU
		Debug|Mixed Platforms = Debug|Mixed Platforms
		Debug|x86 = Debug|x86
		Release|Any CPU = Release|Any CPU
		Release|Mixed Platforms = Release|Mixed Platforms
		Release|x86 = Release|x86
	EndGlobalSection
	GlobalSection(ProjectConfigurationPlatforms) = postSolution
		{A46A49E3-655D-40D3-89A8-3EAC81E7D54E}.Debug|Any CPU.ActiveCfg = Debug|x86
		{A46A49E3-655D-40D3-89A8-3EAC81E7D54E}.Debug|Mixed Platforms.ActiveCfg = Debug|x86
		{A46A49E3-655D-40D3-89A8-3EAC81E7D54E}.Debug|Mixed Platforms.Build.0 = Debug|x86
		{A46A49E3-655D-40D3-89A8-3EAC81E7D54E}.Debug|x86.ActiveCfg = Debug|x86
		{A46A49E3-655D-40D3-89A8-3EAC81E7D54E}.Debug|x86.Build.0 = Debug|x86
		{A46A49E3-655D-40D3-89A8-3EAC81E7D54E}.Release|Any CPU.ActiveCfg = Release|x86
		{A46A49E3-655D-40D3-89A8-3EAC81E7D54E}.Release|Mixed Platforms.ActiveCfg = Release|x86
		{A46A49E3-655D-40D3-89A8-3EAC81E7D54E}.Release|Mixed Platforms.Build.0 = Release|x86
		{A46A49E3-655D-40D3-89A8-3EAC81E7D54E}.Release|x86.ActiveCfg = Release|x86
		{A46A49E3-655D-40D3-89A8-3EAC81E7D54E}.Release|x86.Build.0 = Release|x86
		{AE8E6F84-2F8F-4F9D-8D93-40B6C9FAE18B}.Debug|Any CPU.ActiveCfg = Debug|Any CPU
		{AE8E6F84-2F8F-4F9D-8D93-40B6C9FAE18B}.Debug|Any CPU.Build.0 = Debug|Any CPU
		{AE8E6F84-2F8F-4F9D-8D93-40B6C9FAE18B}.Debug|Mixed Platforms.ActiveCfg = Debug|Any CPU
		{AE8E6F84-2F8F-4F9D-8D93-40B6C9FAE18B}.Debug|Mixed Platforms.Build.0 = Debug|Any CPU
		{AE8E6F84-2F8F-4F9D-8D93-40B6C9FAE18B}.Debug|x86.ActiveCfg = Debug|Any CPU
		{AE8E6F84-2F8F-4F9D-8D93-40B6C9FAE18B}.Release|Any CPU.ActiveCfg = Release|Any CPU
		{AE8E6F84-2F8F-4F9D-8D93-40B6C9FAE18B}.Release|Any CPU.Build.0 = Release|Any CPU
		{AE8E6F84-2F8F-4F9D-8D93-40B6C9FAE18B}.Release|Mixed Platforms.ActiveCfg = Release|Any CPU
		{AE8E6F84-2F8F-4F9D-8D93-40B6C9FAE18B}.Release|Mixed Platforms.Build.0 = Release|Any CPU
		{AE8E6F84-2F8F-4F9D-8D93-40B6C9FAE18B}.Release|x86.ActiveCfg = Release|Any CPU
		{D0BE9790-AB6D-4D09-88BB-CC592071F4AE}.Debug|Any CPU.ActiveCfg = Debug|Any CPU
		{D0BE9790-AB6D-4D09-88BB-CC592071F4AE}.Debug|Any CPU.Build.0 = Debug|Any CPU
		{D0BE9790-AB6D-4D09-88BB-CC592071F4AE}.Debug|Mixed Platforms.ActiveCfg = Debug|Any CPU
		{D0BE9790-AB6D-4D09-88BB-CC592071F4AE}.Debug|Mixed Platforms.Build.0 = Debug|Any CPU
		{D0BE9790-AB6D-4D09-88BB-CC592071F4AE}.Debug|x86.ActiveCfg = Debug|Any CPU
		{D0BE9790-AB6D-4D09-88BB-CC592071F4AE}.Release|Any CPU.ActiveCfg = Release|Any CPU
		{D0BE9790-AB6D-4D09-88BB-CC592071F4AE}.Release|Any CPU.Build.0 = Release|Any CPU
		{D0BE9790-AB6D-4D09-88BB-CC592071F4AE}.Release|Mixed Platforms.ActiveCfg = Release|Any CPU
		{D0BE9790-AB6D-4D09-88BB-CC592071F4AE}.Release|Mixed Platforms.Build.0 = Release|Any CPU
		{D0BE9790-AB6D-4D09-88BB-CC592071F4AE}.Release|x86.ActiveCfg = Release|Any CPU
		{AFF58DA2-C75C-4F48-BC4D-58F061AFBC8C}.Debug|Any CPU.ActiveCfg = Debug|Any CPU
		{AFF58DA2-C75C-4F48-BC4D-58F061AFBC8C}.Debug|Any CPU.Build.0 = Debug|Any CPU
		{AFF58DA2-C75C-4F48-BC4D-58F061AFBC8C}.Debug|Mixed Platforms.ActiveCfg = Debug|Any CPU
		{AFF58DA2-C75C-4F48-BC4D-58F061AFBC8C}.Debug|Mixed Platforms.Build.0 = Debug|Any CPU
		{AFF58DA2-C75C-4F48-BC4D-58F061AFBC8C}.Debug|x86.ActiveCfg = Debug|Any CPU
		{AFF58DA2-C75C-4F48-BC4D-58F061AFBC8C}.Release|Any CPU.ActiveCfg = Release|Any CPU
		{AFF58DA2-C75C-4F48-BC4D-58F061AFBC8C}.Release|Any CPU.Build.0 = Release|Any CPU
		{AFF58DA2-C75C-4F48-BC4D-58F061AFBC8C}.Release|Mixed Platforms.ActiveCfg = Release|Any CPU
		{AFF58DA2-C75C-4F48-BC4D-58F061AFBC8C}.Release|Mixed Platforms.Build.0 = Release|Any CPU
		{AFF58DA2-C75C-4F48-BC4D-58F061AFBC8C}.Release|x86.ActiveCfg = Release|Any CPU
		{267A47BA-E5E2-489F-B1D7-B0D663AF316B}.Debug|Any CPU.ActiveCfg = Debug|Any CPU
		{267A47BA-E5E2-489F-B1D7-B0D663AF316B}.Debug|Any CPU.Build.0 = Debug|Any CPU
		{267A47BA-E5E2-489F-B1D7-B0D663AF316B}.Debug|Mixed Platforms.ActiveCfg = Debug|Any CPU
		{267A47BA-E5E2-489F-B1D7-B0D663AF316B}.Debug|Mixed Platforms.Build.0 = Debug|Any CPU
		{267A47BA-E5E2-489F-B1D7-B0D663AF316B}.Debug|x86.ActiveCfg = Debug|Any CPU
		{267A47BA-E5E2-489F-B1D7-B0D663AF316B}.Debug|x86.Build.0 = Debug|Any CPU
		{267A47BA-E5E2-489F-B1D7-B0D663AF316B}.Release|Any CPU.ActiveCfg = Release|Any CPU
		{267A47BA-E5E2-489F-B1D7-B0D663AF316B}.Release|Any CPU.Build.0 = Release|Any CPU
		{267A47BA-E5E2-489F-B1D7-B0D663AF316B}.Release|Mixed Platforms.ActiveCfg = Release|Any CPU
		{267A47BA-E5E2-489F-B1D7-B0D663AF316B}.Release|Mixed Platforms.Build.0 = Release|Any CPU
		{267A47BA-E5E2-489F-B1D7-B0D663AF316B}.Release|x86.ActiveCfg = Release|Any CPU
		{267A47BA-E5E2-489F-B1D7-B0D663AF316B}.Release|x86.Build.0 = Release|Any CPU
		{06189757-FBB9-4D00-8B9E-7BEBB543E66C}.Debug|Any CPU.ActiveCfg = Debug|Any CPU
		{06189757-FBB9-4D00-8B9E-7BEBB543E66C}.Debug|Any CPU.Build.0 = Debug|Any CPU
		{06189757-FBB9-4D00-8B9E-7BEBB543E66C}.Debug|Mixed Platforms.ActiveCfg = Debug|Any CPU
		{06189757-FBB9-4D00-8B9E-7BEBB543E66C}.Debug|Mixed Platforms.Build.0 = Debug|Any CPU
		{06189757-FBB9-4D00-8B9E-7BEBB543E66C}.Debug|x86.ActiveCfg = Debug|Any CPU
		{06189757-FBB9-4D00-8B9E-7BEBB543E66C}.Debug|x86.Build.0 = Debug|Any CPU
		{06189757-FBB9-4D00-8B9E-7BEBB543E66C}.Release|Any CPU.ActiveCfg = Release|Any CPU
		{06189757-FBB9-4D00-8B9E-7BEBB543E66C}.Release|Any CPU.Build.0 = Release|Any CPU
		{06189757-FBB9-4D00-8B9E-7BEBB543E66C}.Release|Mixed Platforms.ActiveCfg = Release|Any CPU
		{06189757-FBB9-4D00-8B9E-7BEBB543E66C}.Release|Mixed Platforms.Build.0 = Release|Any CPU
		{06189757-FBB9-4D00-8B9E-7BEBB543E66C}.Release|x86.ActiveCfg = Release|Any CPU
		{06189757-FBB9-4D00-8B9E-7BEBB543E66C}.Release|x86.Build.0 = Release|Any CPU
		{0E0AA042-151E-4D59-A26D-4D262660E491}.Debug|Any CPU.ActiveCfg = Debug|Any CPU
		{0E0AA042-151E-4D59-A26D-4D262660E491}.Debug|Any CPU.Build.0 = Debug|Any CPU
		{0E0AA042-151E-4D59-A26D-4D262660E491}.Debug|Mixed Platforms.ActiveCfg = Debug|Any CPU
		{0E0AA042-151E-4D59-A26D-4D262660E491}.Debug|Mixed Platforms.Build.0 = Debug|Any CPU
		{0E0AA042-151E-4D59-A26D-4D262660E491}.Debug|x86.ActiveCfg = Debug|Any CPU
		{0E0AA042-151E-4D59-A26D-4D262660E491}.Debug|x86.Build.0 = Debug|Any CPU
		{0E0AA042-151E-4D59-A26D-4D262660E491}.Release|Any CPU.ActiveCfg = Release|Any CPU
		{0E0AA042-151E-4D59-A26D-4D262660E491}.Release|Any CPU.Build.0 = Release|Any CPU
		{0E0AA042-151E-4D59-A26D-4D262660E491}.Release|Mixed Platforms.ActiveCfg = Release|Any CPU
		{0E0AA042-151E-4D59-A26D-4D262660E491}.Release|Mixed Platforms.Build.0 = Release|Any CPU
		{0E0AA042-151E-4D59-A26D-4D262660E491}.Release|x86.ActiveCfg = Release|Any CPU
		{0E0AA042-151E-4D59-A26D-4D262660E491}.Release|x86.Build.0 = Release|Any CPU
	EndGlobalSection
	GlobalSection(SolutionProperties) = preSolution
		HideSolutionNode = FALSE
	EndGlobalSection
	GlobalSection(NestedProjects) = preSolution
		{267A47BA-E5E2-489F-B1D7-B0D663AF316B} = {D181CA24-2A21-44AF-A5FB-47CBE60C76DA}
		{06189757-FBB9-4D00-8B9E-7BEBB543E66C} = {D181CA24-2A21-44AF-A5FB-47CBE60C76DA}
		{0E0AA042-151E-4D59-A26D-4D262660E491} = {D181CA24-2A21-44AF-A5FB-47CBE60C76DA}
	EndGlobalSection
	GlobalSection(TestCaseManagementSettings) = postSolution
		CategoryFile = MEFRepository.vsmdi
	EndGlobalSection
EndGlobal
