
Microsoft Visual Studio Solution File, Format Version 12.00
# Visual Studio 14
VisualStudioVersion = 14.0.24720.0
MinimumVisualStudioVersion = 10.0.40219.1
Project("{FAE04EC0-301F-11D3-BF4B-00C04F79EFBC}") = "CslaContrib", "CslaContrib\CslaContrib.csproj", "{267A47BA-E5E2-489F-B1D7-B0D663AF316B}"
EndProject
Project("{FAE04EC0-301F-11D3-BF4B-00C04F79EFBC}") = "CslaContrib.ObjectCaching.AppFabric", "CslaContrib.ObjectCaching.AppFabric\CslaContrib.ObjectCaching.AppFabric.csproj", "{A2D36728-10A2-4FEE-B23D-A41D6034510D}"
EndProject
Project("{2150E333-8FDC-42A3-9474-1A3956D46DE8}") = "Solution Items", "Solution Items", "{E2C79026-B542-4EC0-B2B0-5BC285D9AF3C}"
	ProjectSection(SolutionItems) = preProject
		CslaContrib.snk = CslaContrib.snk
		CslaContrib.vsmdi = CslaContrib.vsmdi
		GlobalAssemblyInfo.cs = GlobalAssemblyInfo.cs
		..\License.txt = ..\License.txt
		Local.testsettings = Local.testsettings
		..\Readme.txt = ..\Readme.txt
		TraceAndTestImpact.testsettings = TraceAndTestImpact.testsettings
	EndProjectSection
EndProject
Project("{FAE04EC0-301F-11D3-BF4B-00C04F79EFBC}") = "CslaContrib.Windows", "CslaContrib.Windows\CslaContrib.Windows.csproj", "{0E0AA042-151E-4D59-A26D-4D262660E491}"
EndProject
Project("{FAE04EC0-301F-11D3-BF4B-00C04F79EFBC}") = "CslaContrib.MEF", "CslaContrib.MEF\CslaContrib.MEF.csproj", "{06189757-FBB9-4D00-8B9E-7BEBB543E66C}"
EndProject
Project("{FAE04EC0-301F-11D3-BF4B-00C04F79EFBC}") = "CslaContrib.Xaml.Silverlight", "CslaContrib.Xaml.Silverlight\CslaContrib.Xaml.Silverlight.csproj", "{07D674C0-8D40-43B5-A514-E1D0692FCFEB}"
EndProject
Project("{FAE04EC0-301F-11D3-BF4B-00C04F79EFBC}") = "CslaContrib.Xaml", "CslaContrib.Xaml\CslaContrib.Xaml.csproj", "{2F6EDEC3-C611-4829-AA0D-B610319086AB}"
EndProject
Project("{FAE04EC0-301F-11D3-BF4B-00C04F79EFBC}") = "CslaContrib.CustomFieldData", "CslaContrib.CustomFieldData\CslaContrib.CustomFieldData.csproj", "{DE562221-E911-4908-B3C1-6269E1594242}"
EndProject
Project("{FAE04EC0-301F-11D3-BF4B-00C04F79EFBC}") = "CslaContrib.CustomFieldData.Silverlight", "CslaContrib.CustomFieldData.Silverlight\CslaContrib.CustomFieldData.Silverlight.csproj", "{D0BC8A82-F2B4-4BEB-B7DE-565494600BB8}"
EndProject
Project("{FAE04EC0-301F-11D3-BF4B-00C04F79EFBC}") = "CslaContrib.Caliburn.Micro.Silverlight", "CslaContrib.Caliburn.Micro.Silverlight\CslaContrib.Caliburn.Micro.Silverlight.csproj", "{86AD4970-16BF-4E04-8B3F-13D59D129771}"
EndProject
Project("{FAE04EC0-301F-11D3-BF4B-00C04F79EFBC}") = "CslaContrib.Caliburn.Micro.WPF", "CslaContrib.Caliburn.Micro.WPF\CslaContrib.Caliburn.Micro.WPF.csproj", "{AEC13539-BCFB-4CEE-A324-479D41E39D39}"
EndProject
Project("{FAE04EC0-301F-11D3-BF4B-00C04F79EFBC}") = "CslaContrib.Caliburn.Micro.WPF.Net4", "CslaContrib.Caliburn.Micro.WPF.Net4\CslaContrib.Caliburn.Micro.WPF.Net4.csproj", "{F56D3360-1AC4-4404-AF7E-A535E400B38A}"
EndProject
Project("{FAE04EC0-301F-11D3-BF4B-00C04F79EFBC}") = "CslaContrib.CustomFieldData.Net4", "CslaContrib.CustomFieldData.Net4\CslaContrib.CustomFieldData.Net4.csproj", "{D2272FC3-EFC6-4DB4-A94F-823CEB5A039A}"
EndProject
Project("{FAE04EC0-301F-11D3-BF4B-00C04F79EFBC}") = "CslaContrib.Net4", "CslaContrib.Net4\CslaContrib.Net4.csproj", "{480F0ECD-13E4-453C-8719-750E5A1F1929}"
EndProject
Project("{FAE04EC0-301F-11D3-BF4B-00C04F79EFBC}") = "CslaContrib.Silverlight", "CslaContrib.Silverlight\CslaContrib.Silverlight.csproj", "{1FC9E3C3-9DD8-4821-A38B-A6BA60FF2F18}"
EndProject
Project("{FAE04EC0-301F-11D3-BF4B-00C04F79EFBC}") = "CslaContrib.WebGUI", "CslaContrib.WebGUI\CslaContrib.WebGUI.csproj", "{0CB0AB81-4C10-46B7-8AB6-0468E312D267}"
EndProject
Project("{FAE04EC0-301F-11D3-BF4B-00C04F79EFBC}") = "CslaContrib.WebGUI.Net4", "CslaContrib.WebGUI.Net4\CslaContrib.WebGUI.Net4.csproj", "{8F035C15-5A6A-4C5D-B816-956354015F82}"
EndProject
Project("{FAE04EC0-301F-11D3-BF4B-00C04F79EFBC}") = "CslaContrib.Windows.Net4", "CslaContrib.Windows.Net4\CslaContrib.Windows.Net4.csproj", "{6381085E-3F99-46F5-8383-9063A26B280A}"
EndProject
Project("{FAE04EC0-301F-11D3-BF4B-00C04F79EFBC}") = "CslaContrib.Xaml.Net4", "CslaContrib.Xaml.Net4\CslaContrib.Xaml.Net4.csproj", "{A42A5BD9-493E-4481-9F13-5DDC860D23BA}"
EndProject
Project("{FAE04EC0-301F-11D3-BF4B-00C04F79EFBC}") = "CslaContrib.MEF.Net4", "CslaContrib.MEF.Net4\CslaContrib.MEF.Net4.csproj", "{68D09101-3908-4C74-AFB4-0FE1EBE3BD3C}"
EndProject
Project("{FAE04EC0-301F-11D3-BF4B-00C04F79EFBC}") = "CslaContrib.ObjectCaching.AppFabric.Net4", "CslaContrib.ObjectCaching.AppFabric.Net4\CslaContrib.ObjectCaching.AppFabric.Net4.csproj", "{37F3CEB1-D604-4E55-90F6-7FFDB85A9940}"
EndProject
Project("{FAE04EC0-301F-11D3-BF4B-00C04F79EFBC}") = "CslaContrib.MEF.Silverlight", "CslaContrib.MEF.Silverlight\CslaContrib.MEF.Silverlight.csproj", "{AEC6A994-F72B-4862-B751-7019B2EF8768}"
EndProject
Project("{FAE04EC0-301F-11D3-BF4B-00C04F79EFBC}") = "CslaContrib.MEF.WinRT", "CslaContrib.MEF.WinRT\CslaContrib.MEF.WinRT.csproj", "{B2199345-BD40-4B6E-A003-3885DDC9106B}"
EndProject
Project("{FAE04EC0-301F-11D3-BF4B-00C04F79EFBC}") = "CslaContrib.Caliburn.Micro.V2.Silverlight", "CslaContrib.Caliburn.Micro.V2.Silverlight\CslaContrib.Caliburn.Micro.V2.Silverlight.csproj", "{02BEC9C3-C10A-4E48-92FF-3EAA2CD5690B}"
EndProject
Project("{FAE04EC0-301F-11D3-BF4B-00C04F79EFBC}") = "CslaContrib.Caliburn.Micro.V2.WPF", "CslaContrib.Caliburn.Micro.V2.WPF\CslaContrib.Caliburn.Micro.V2.WPF.csproj", "{EC9F93A3-906B-4F3C-A6AB-484BE69A3EDB}"
EndProject
Project("{FAE04EC0-301F-11D3-BF4B-00C04F79EFBC}") = "CslaContrib.Caliburn.Micro.V2.WPF.Net4", "CslaContrib.Caliburn.Micro.V2.WPF.Net4\CslaContrib.Caliburn.Micro.V2.WPF.Net4.csproj", "{4D914242-373C-4E1F-98AA-9D87662E6096}"
EndProject
Global
	GlobalSection(SolutionConfigurationPlatforms) = preSolution
		Debug|Any CPU = Debug|Any CPU
		Debug|ARM = Debug|ARM
		Debug|Mixed Platforms = Debug|Mixed Platforms
		Debug|x64 = Debug|x64
		Debug|x86 = Debug|x86
		Release|Any CPU = Release|Any CPU
		Release|ARM = Release|ARM
		Release|Mixed Platforms = Release|Mixed Platforms
		Release|x64 = Release|x64
		Release|x86 = Release|x86
	EndGlobalSection
	GlobalSection(ProjectConfigurationPlatforms) = postSolution
		{267A47BA-E5E2-489F-B1D7-B0D663AF316B}.Debug|Any CPU.ActiveCfg = Debug|Any CPU
		{267A47BA-E5E2-489F-B1D7-B0D663AF316B}.Debug|Any CPU.Build.0 = Debug|Any CPU
		{267A47BA-E5E2-489F-B1D7-B0D663AF316B}.Debug|ARM.ActiveCfg = Debug|Any CPU
		{267A47BA-E5E2-489F-B1D7-B0D663AF316B}.Debug|Mixed Platforms.ActiveCfg = Debug|Any CPU
		{267A47BA-E5E2-489F-B1D7-B0D663AF316B}.Debug|Mixed Platforms.Build.0 = Debug|Any CPU
		{267A47BA-E5E2-489F-B1D7-B0D663AF316B}.Debug|x64.ActiveCfg = Debug|Any CPU
		{267A47BA-E5E2-489F-B1D7-B0D663AF316B}.Debug|x86.ActiveCfg = Debug|Any CPU
		{267A47BA-E5E2-489F-B1D7-B0D663AF316B}.Release|Any CPU.ActiveCfg = Release|Any CPU
		{267A47BA-E5E2-489F-B1D7-B0D663AF316B}.Release|Any CPU.Build.0 = Release|Any CPU
		{267A47BA-E5E2-489F-B1D7-B0D663AF316B}.Release|ARM.ActiveCfg = Release|Any CPU
		{267A47BA-E5E2-489F-B1D7-B0D663AF316B}.Release|Mixed Platforms.ActiveCfg = Release|Any CPU
		{267A47BA-E5E2-489F-B1D7-B0D663AF316B}.Release|Mixed Platforms.Build.0 = Release|Any CPU
		{267A47BA-E5E2-489F-B1D7-B0D663AF316B}.Release|x64.ActiveCfg = Release|Any CPU
		{267A47BA-E5E2-489F-B1D7-B0D663AF316B}.Release|x86.ActiveCfg = Release|Any CPU
		{A2D36728-10A2-4FEE-B23D-A41D6034510D}.Debug|Any CPU.ActiveCfg = Debug|Any CPU
		{A2D36728-10A2-4FEE-B23D-A41D6034510D}.Debug|Any CPU.Build.0 = Debug|Any CPU
		{A2D36728-10A2-4FEE-B23D-A41D6034510D}.Debug|ARM.ActiveCfg = Debug|Any CPU
		{A2D36728-10A2-4FEE-B23D-A41D6034510D}.Debug|Mixed Platforms.ActiveCfg = Debug|Any CPU
		{A2D36728-10A2-4FEE-B23D-A41D6034510D}.Debug|Mixed Platforms.Build.0 = Debug|Any CPU
		{A2D36728-10A2-4FEE-B23D-A41D6034510D}.Debug|x64.ActiveCfg = Debug|Any CPU
		{A2D36728-10A2-4FEE-B23D-A41D6034510D}.Debug|x86.ActiveCfg = Debug|Any CPU
		{A2D36728-10A2-4FEE-B23D-A41D6034510D}.Release|Any CPU.ActiveCfg = Release|Any CPU
		{A2D36728-10A2-4FEE-B23D-A41D6034510D}.Release|Any CPU.Build.0 = Release|Any CPU
		{A2D36728-10A2-4FEE-B23D-A41D6034510D}.Release|ARM.ActiveCfg = Release|Any CPU
		{A2D36728-10A2-4FEE-B23D-A41D6034510D}.Release|Mixed Platforms.ActiveCfg = Release|Any CPU
		{A2D36728-10A2-4FEE-B23D-A41D6034510D}.Release|Mixed Platforms.Build.0 = Release|Any CPU
		{A2D36728-10A2-4FEE-B23D-A41D6034510D}.Release|x64.ActiveCfg = Release|Any CPU
		{A2D36728-10A2-4FEE-B23D-A41D6034510D}.Release|x86.ActiveCfg = Release|Any CPU
		{0E0AA042-151E-4D59-A26D-4D262660E491}.Debug|Any CPU.ActiveCfg = Debug|Any CPU
		{0E0AA042-151E-4D59-A26D-4D262660E491}.Debug|Any CPU.Build.0 = Debug|Any CPU
		{0E0AA042-151E-4D59-A26D-4D262660E491}.Debug|ARM.ActiveCfg = Debug|Any CPU
		{0E0AA042-151E-4D59-A26D-4D262660E491}.Debug|Mixed Platforms.ActiveCfg = Debug|Any CPU
		{0E0AA042-151E-4D59-A26D-4D262660E491}.Debug|Mixed Platforms.Build.0 = Debug|Any CPU
		{0E0AA042-151E-4D59-A26D-4D262660E491}.Debug|x64.ActiveCfg = Debug|Any CPU
		{0E0AA042-151E-4D59-A26D-4D262660E491}.Debug|x86.ActiveCfg = Debug|Any CPU
		{0E0AA042-151E-4D59-A26D-4D262660E491}.Release|Any CPU.ActiveCfg = Release|Any CPU
		{0E0AA042-151E-4D59-A26D-4D262660E491}.Release|Any CPU.Build.0 = Release|Any CPU
		{0E0AA042-151E-4D59-A26D-4D262660E491}.Release|ARM.ActiveCfg = Release|Any CPU
		{0E0AA042-151E-4D59-A26D-4D262660E491}.Release|Mixed Platforms.ActiveCfg = Release|Any CPU
		{0E0AA042-151E-4D59-A26D-4D262660E491}.Release|Mixed Platforms.Build.0 = Release|Any CPU
		{0E0AA042-151E-4D59-A26D-4D262660E491}.Release|x64.ActiveCfg = Release|Any CPU
		{0E0AA042-151E-4D59-A26D-4D262660E491}.Release|x86.ActiveCfg = Release|Any CPU
		{06189757-FBB9-4D00-8B9E-7BEBB543E66C}.Debug|Any CPU.ActiveCfg = Debug|Any CPU
		{06189757-FBB9-4D00-8B9E-7BEBB543E66C}.Debug|Any CPU.Build.0 = Debug|Any CPU
		{06189757-FBB9-4D00-8B9E-7BEBB543E66C}.Debug|ARM.ActiveCfg = Debug|Any CPU
		{06189757-FBB9-4D00-8B9E-7BEBB543E66C}.Debug|Mixed Platforms.ActiveCfg = Debug|Any CPU
		{06189757-FBB9-4D00-8B9E-7BEBB543E66C}.Debug|Mixed Platforms.Build.0 = Debug|Any CPU
		{06189757-FBB9-4D00-8B9E-7BEBB543E66C}.Debug|x64.ActiveCfg = Debug|Any CPU
		{06189757-FBB9-4D00-8B9E-7BEBB543E66C}.Debug|x86.ActiveCfg = Debug|Any CPU
		{06189757-FBB9-4D00-8B9E-7BEBB543E66C}.Release|Any CPU.ActiveCfg = Release|Any CPU
		{06189757-FBB9-4D00-8B9E-7BEBB543E66C}.Release|Any CPU.Build.0 = Release|Any CPU
		{06189757-FBB9-4D00-8B9E-7BEBB543E66C}.Release|ARM.ActiveCfg = Release|Any CPU
		{06189757-FBB9-4D00-8B9E-7BEBB543E66C}.Release|Mixed Platforms.ActiveCfg = Release|Any CPU
		{06189757-FBB9-4D00-8B9E-7BEBB543E66C}.Release|Mixed Platforms.Build.0 = Release|Any CPU
		{06189757-FBB9-4D00-8B9E-7BEBB543E66C}.Release|x64.ActiveCfg = Release|Any CPU
		{06189757-FBB9-4D00-8B9E-7BEBB543E66C}.Release|x86.ActiveCfg = Release|Any CPU
		{07D674C0-8D40-43B5-A514-E1D0692FCFEB}.Debug|Any CPU.ActiveCfg = Debug|Any CPU
		{07D674C0-8D40-43B5-A514-E1D0692FCFEB}.Debug|Any CPU.Build.0 = Debug|Any CPU
		{07D674C0-8D40-43B5-A514-E1D0692FCFEB}.Debug|ARM.ActiveCfg = Debug|Any CPU
		{07D674C0-8D40-43B5-A514-E1D0692FCFEB}.Debug|Mixed Platforms.ActiveCfg = Debug|Any CPU
		{07D674C0-8D40-43B5-A514-E1D0692FCFEB}.Debug|Mixed Platforms.Build.0 = Debug|Any CPU
		{07D674C0-8D40-43B5-A514-E1D0692FCFEB}.Debug|x64.ActiveCfg = Debug|Any CPU
		{07D674C0-8D40-43B5-A514-E1D0692FCFEB}.Debug|x86.ActiveCfg = Debug|Any CPU
		{07D674C0-8D40-43B5-A514-E1D0692FCFEB}.Release|Any CPU.ActiveCfg = Release|Any CPU
		{07D674C0-8D40-43B5-A514-E1D0692FCFEB}.Release|Any CPU.Build.0 = Release|Any CPU
		{07D674C0-8D40-43B5-A514-E1D0692FCFEB}.Release|ARM.ActiveCfg = Release|Any CPU
		{07D674C0-8D40-43B5-A514-E1D0692FCFEB}.Release|Mixed Platforms.ActiveCfg = Release|Any CPU
		{07D674C0-8D40-43B5-A514-E1D0692FCFEB}.Release|Mixed Platforms.Build.0 = Release|Any CPU
		{07D674C0-8D40-43B5-A514-E1D0692FCFEB}.Release|x64.ActiveCfg = Release|Any CPU
		{07D674C0-8D40-43B5-A514-E1D0692FCFEB}.Release|x86.ActiveCfg = Release|Any CPU
		{2F6EDEC3-C611-4829-AA0D-B610319086AB}.Debug|Any CPU.ActiveCfg = Debug|Any CPU
		{2F6EDEC3-C611-4829-AA0D-B610319086AB}.Debug|Any CPU.Build.0 = Debug|Any CPU
		{2F6EDEC3-C611-4829-AA0D-B610319086AB}.Debug|ARM.ActiveCfg = Debug|Any CPU
		{2F6EDEC3-C611-4829-AA0D-B610319086AB}.Debug|Mixed Platforms.ActiveCfg = Debug|Any CPU
		{2F6EDEC3-C611-4829-AA0D-B610319086AB}.Debug|Mixed Platforms.Build.0 = Debug|Any CPU
		{2F6EDEC3-C611-4829-AA0D-B610319086AB}.Debug|x64.ActiveCfg = Debug|Any CPU
		{2F6EDEC3-C611-4829-AA0D-B610319086AB}.Debug|x86.ActiveCfg = Debug|Any CPU
		{2F6EDEC3-C611-4829-AA0D-B610319086AB}.Release|Any CPU.ActiveCfg = Release|Any CPU
		{2F6EDEC3-C611-4829-AA0D-B610319086AB}.Release|Any CPU.Build.0 = Release|Any CPU
		{2F6EDEC3-C611-4829-AA0D-B610319086AB}.Release|ARM.ActiveCfg = Release|Any CPU
		{2F6EDEC3-C611-4829-AA0D-B610319086AB}.Release|Mixed Platforms.ActiveCfg = Release|Any CPU
		{2F6EDEC3-C611-4829-AA0D-B610319086AB}.Release|Mixed Platforms.Build.0 = Release|Any CPU
		{2F6EDEC3-C611-4829-AA0D-B610319086AB}.Release|x64.ActiveCfg = Release|Any CPU
		{2F6EDEC3-C611-4829-AA0D-B610319086AB}.Release|x86.ActiveCfg = Release|Any CPU
		{DE562221-E911-4908-B3C1-6269E1594242}.Debug|Any CPU.ActiveCfg = Debug|Any CPU
		{DE562221-E911-4908-B3C1-6269E1594242}.Debug|Any CPU.Build.0 = Debug|Any CPU
		{DE562221-E911-4908-B3C1-6269E1594242}.Debug|ARM.ActiveCfg = Debug|Any CPU
		{DE562221-E911-4908-B3C1-6269E1594242}.Debug|Mixed Platforms.ActiveCfg = Debug|Any CPU
		{DE562221-E911-4908-B3C1-6269E1594242}.Debug|Mixed Platforms.Build.0 = Debug|Any CPU
		{DE562221-E911-4908-B3C1-6269E1594242}.Debug|x64.ActiveCfg = Debug|Any CPU
		{DE562221-E911-4908-B3C1-6269E1594242}.Debug|x86.ActiveCfg = Debug|Any CPU
		{DE562221-E911-4908-B3C1-6269E1594242}.Release|Any CPU.ActiveCfg = Release|Any CPU
		{DE562221-E911-4908-B3C1-6269E1594242}.Release|Any CPU.Build.0 = Release|Any CPU
		{DE562221-E911-4908-B3C1-6269E1594242}.Release|ARM.ActiveCfg = Release|Any CPU
		{DE562221-E911-4908-B3C1-6269E1594242}.Release|Mixed Platforms.ActiveCfg = Release|Any CPU
		{DE562221-E911-4908-B3C1-6269E1594242}.Release|Mixed Platforms.Build.0 = Release|Any CPU
		{DE562221-E911-4908-B3C1-6269E1594242}.Release|x64.ActiveCfg = Release|Any CPU
		{DE562221-E911-4908-B3C1-6269E1594242}.Release|x86.ActiveCfg = Release|Any CPU
		{D0BC8A82-F2B4-4BEB-B7DE-565494600BB8}.Debug|Any CPU.ActiveCfg = Debug|Any CPU
		{D0BC8A82-F2B4-4BEB-B7DE-565494600BB8}.Debug|Any CPU.Build.0 = Debug|Any CPU
		{D0BC8A82-F2B4-4BEB-B7DE-565494600BB8}.Debug|ARM.ActiveCfg = Debug|Any CPU
		{D0BC8A82-F2B4-4BEB-B7DE-565494600BB8}.Debug|Mixed Platforms.ActiveCfg = Debug|Any CPU
		{D0BC8A82-F2B4-4BEB-B7DE-565494600BB8}.Debug|Mixed Platforms.Build.0 = Debug|Any CPU
		{D0BC8A82-F2B4-4BEB-B7DE-565494600BB8}.Debug|x64.ActiveCfg = Debug|Any CPU
		{D0BC8A82-F2B4-4BEB-B7DE-565494600BB8}.Debug|x86.ActiveCfg = Debug|Any CPU
		{D0BC8A82-F2B4-4BEB-B7DE-565494600BB8}.Release|Any CPU.ActiveCfg = Release|Any CPU
		{D0BC8A82-F2B4-4BEB-B7DE-565494600BB8}.Release|Any CPU.Build.0 = Release|Any CPU
		{D0BC8A82-F2B4-4BEB-B7DE-565494600BB8}.Release|ARM.ActiveCfg = Release|Any CPU
		{D0BC8A82-F2B4-4BEB-B7DE-565494600BB8}.Release|Mixed Platforms.ActiveCfg = Release|Any CPU
		{D0BC8A82-F2B4-4BEB-B7DE-565494600BB8}.Release|Mixed Platforms.Build.0 = Release|Any CPU
		{D0BC8A82-F2B4-4BEB-B7DE-565494600BB8}.Release|x64.ActiveCfg = Release|Any CPU
		{D0BC8A82-F2B4-4BEB-B7DE-565494600BB8}.Release|x86.ActiveCfg = Release|Any CPU
		{86AD4970-16BF-4E04-8B3F-13D59D129771}.Debug|Any CPU.ActiveCfg = Debug|Any CPU
		{86AD4970-16BF-4E04-8B3F-13D59D129771}.Debug|Any CPU.Build.0 = Debug|Any CPU
		{86AD4970-16BF-4E04-8B3F-13D59D129771}.Debug|ARM.ActiveCfg = Debug|Any CPU
		{86AD4970-16BF-4E04-8B3F-13D59D129771}.Debug|Mixed Platforms.ActiveCfg = Debug|Any CPU
		{86AD4970-16BF-4E04-8B3F-13D59D129771}.Debug|Mixed Platforms.Build.0 = Debug|Any CPU
		{86AD4970-16BF-4E04-8B3F-13D59D129771}.Debug|x64.ActiveCfg = Debug|Any CPU
		{86AD4970-16BF-4E04-8B3F-13D59D129771}.Debug|x86.ActiveCfg = Debug|Any CPU
		{86AD4970-16BF-4E04-8B3F-13D59D129771}.Release|Any CPU.ActiveCfg = Release|Any CPU
		{86AD4970-16BF-4E04-8B3F-13D59D129771}.Release|Any CPU.Build.0 = Release|Any CPU
		{86AD4970-16BF-4E04-8B3F-13D59D129771}.Release|ARM.ActiveCfg = Release|Any CPU
		{86AD4970-16BF-4E04-8B3F-13D59D129771}.Release|Mixed Platforms.ActiveCfg = Release|Any CPU
		{86AD4970-16BF-4E04-8B3F-13D59D129771}.Release|Mixed Platforms.Build.0 = Release|Any CPU
		{86AD4970-16BF-4E04-8B3F-13D59D129771}.Release|x64.ActiveCfg = Release|Any CPU
		{86AD4970-16BF-4E04-8B3F-13D59D129771}.Release|x86.ActiveCfg = Release|Any CPU
		{AEC13539-BCFB-4CEE-A324-479D41E39D39}.Debug|Any CPU.ActiveCfg = Debug|Any CPU
		{AEC13539-BCFB-4CEE-A324-479D41E39D39}.Debug|Any CPU.Build.0 = Debug|Any CPU
		{AEC13539-BCFB-4CEE-A324-479D41E39D39}.Debug|ARM.ActiveCfg = Debug|Any CPU
		{AEC13539-BCFB-4CEE-A324-479D41E39D39}.Debug|Mixed Platforms.ActiveCfg = Debug|Any CPU
		{AEC13539-BCFB-4CEE-A324-479D41E39D39}.Debug|Mixed Platforms.Build.0 = Debug|Any CPU
		{AEC13539-BCFB-4CEE-A324-479D41E39D39}.Debug|x64.ActiveCfg = Debug|Any CPU
		{AEC13539-BCFB-4CEE-A324-479D41E39D39}.Debug|x86.ActiveCfg = Debug|Any CPU
		{AEC13539-BCFB-4CEE-A324-479D41E39D39}.Release|Any CPU.ActiveCfg = Release|Any CPU
		{AEC13539-BCFB-4CEE-A324-479D41E39D39}.Release|Any CPU.Build.0 = Release|Any CPU
		{AEC13539-BCFB-4CEE-A324-479D41E39D39}.Release|ARM.ActiveCfg = Release|Any CPU
		{AEC13539-BCFB-4CEE-A324-479D41E39D39}.Release|Mixed Platforms.ActiveCfg = Release|Any CPU
		{AEC13539-BCFB-4CEE-A324-479D41E39D39}.Release|Mixed Platforms.Build.0 = Release|Any CPU
		{AEC13539-BCFB-4CEE-A324-479D41E39D39}.Release|x64.ActiveCfg = Release|Any CPU
		{AEC13539-BCFB-4CEE-A324-479D41E39D39}.Release|x86.ActiveCfg = Release|Any CPU
		{F56D3360-1AC4-4404-AF7E-A535E400B38A}.Debug|Any CPU.ActiveCfg = Debug|Any CPU
		{F56D3360-1AC4-4404-AF7E-A535E400B38A}.Debug|Any CPU.Build.0 = Debug|Any CPU
		{F56D3360-1AC4-4404-AF7E-A535E400B38A}.Debug|ARM.ActiveCfg = Debug|Any CPU
		{F56D3360-1AC4-4404-AF7E-A535E400B38A}.Debug|Mixed Platforms.ActiveCfg = Debug|Any CPU
		{F56D3360-1AC4-4404-AF7E-A535E400B38A}.Debug|Mixed Platforms.Build.0 = Debug|Any CPU
		{F56D3360-1AC4-4404-AF7E-A535E400B38A}.Debug|x64.ActiveCfg = Debug|Any CPU
		{F56D3360-1AC4-4404-AF7E-A535E400B38A}.Debug|x86.ActiveCfg = Debug|Any CPU
		{F56D3360-1AC4-4404-AF7E-A535E400B38A}.Release|Any CPU.ActiveCfg = Release|Any CPU
		{F56D3360-1AC4-4404-AF7E-A535E400B38A}.Release|Any CPU.Build.0 = Release|Any CPU
		{F56D3360-1AC4-4404-AF7E-A535E400B38A}.Release|ARM.ActiveCfg = Release|Any CPU
		{F56D3360-1AC4-4404-AF7E-A535E400B38A}.Release|Mixed Platforms.ActiveCfg = Release|Any CPU
		{F56D3360-1AC4-4404-AF7E-A535E400B38A}.Release|Mixed Platforms.Build.0 = Release|Any CPU
		{F56D3360-1AC4-4404-AF7E-A535E400B38A}.Release|x64.ActiveCfg = Release|Any CPU
		{F56D3360-1AC4-4404-AF7E-A535E400B38A}.Release|x86.ActiveCfg = Release|Any CPU
		{D2272FC3-EFC6-4DB4-A94F-823CEB5A039A}.Debug|Any CPU.ActiveCfg = Debug|Any CPU
		{D2272FC3-EFC6-4DB4-A94F-823CEB5A039A}.Debug|Any CPU.Build.0 = Debug|Any CPU
		{D2272FC3-EFC6-4DB4-A94F-823CEB5A039A}.Debug|ARM.ActiveCfg = Debug|Any CPU
		{D2272FC3-EFC6-4DB4-A94F-823CEB5A039A}.Debug|Mixed Platforms.ActiveCfg = Debug|Any CPU
		{D2272FC3-EFC6-4DB4-A94F-823CEB5A039A}.Debug|Mixed Platforms.Build.0 = Debug|Any CPU
		{D2272FC3-EFC6-4DB4-A94F-823CEB5A039A}.Debug|x64.ActiveCfg = Debug|Any CPU
		{D2272FC3-EFC6-4DB4-A94F-823CEB5A039A}.Debug|x86.ActiveCfg = Debug|Any CPU
		{D2272FC3-EFC6-4DB4-A94F-823CEB5A039A}.Release|Any CPU.ActiveCfg = Release|Any CPU
		{D2272FC3-EFC6-4DB4-A94F-823CEB5A039A}.Release|Any CPU.Build.0 = Release|Any CPU
		{D2272FC3-EFC6-4DB4-A94F-823CEB5A039A}.Release|ARM.ActiveCfg = Release|Any CPU
		{D2272FC3-EFC6-4DB4-A94F-823CEB5A039A}.Release|Mixed Platforms.ActiveCfg = Release|Any CPU
		{D2272FC3-EFC6-4DB4-A94F-823CEB5A039A}.Release|Mixed Platforms.Build.0 = Release|Any CPU
		{D2272FC3-EFC6-4DB4-A94F-823CEB5A039A}.Release|x64.ActiveCfg = Release|Any CPU
		{D2272FC3-EFC6-4DB4-A94F-823CEB5A039A}.Release|x86.ActiveCfg = Release|Any CPU
		{480F0ECD-13E4-453C-8719-750E5A1F1929}.Debug|Any CPU.ActiveCfg = Debug|Any CPU
		{480F0ECD-13E4-453C-8719-750E5A1F1929}.Debug|Any CPU.Build.0 = Debug|Any CPU
		{480F0ECD-13E4-453C-8719-750E5A1F1929}.Debug|ARM.ActiveCfg = Debug|Any CPU
		{480F0ECD-13E4-453C-8719-750E5A1F1929}.Debug|Mixed Platforms.ActiveCfg = Debug|Any CPU
		{480F0ECD-13E4-453C-8719-750E5A1F1929}.Debug|Mixed Platforms.Build.0 = Debug|Any CPU
		{480F0ECD-13E4-453C-8719-750E5A1F1929}.Debug|x64.ActiveCfg = Debug|Any CPU
		{480F0ECD-13E4-453C-8719-750E5A1F1929}.Debug|x86.ActiveCfg = Debug|Any CPU
		{480F0ECD-13E4-453C-8719-750E5A1F1929}.Release|Any CPU.ActiveCfg = Release|Any CPU
		{480F0ECD-13E4-453C-8719-750E5A1F1929}.Release|Any CPU.Build.0 = Release|Any CPU
		{480F0ECD-13E4-453C-8719-750E5A1F1929}.Release|ARM.ActiveCfg = Release|Any CPU
		{480F0ECD-13E4-453C-8719-750E5A1F1929}.Release|Mixed Platforms.ActiveCfg = Release|Any CPU
		{480F0ECD-13E4-453C-8719-750E5A1F1929}.Release|Mixed Platforms.Build.0 = Release|Any CPU
		{480F0ECD-13E4-453C-8719-750E5A1F1929}.Release|x64.ActiveCfg = Release|Any CPU
		{480F0ECD-13E4-453C-8719-750E5A1F1929}.Release|x86.ActiveCfg = Release|Any CPU
		{1FC9E3C3-9DD8-4821-A38B-A6BA60FF2F18}.Debug|Any CPU.ActiveCfg = Debug|Any CPU
		{1FC9E3C3-9DD8-4821-A38B-A6BA60FF2F18}.Debug|Any CPU.Build.0 = Debug|Any CPU
		{1FC9E3C3-9DD8-4821-A38B-A6BA60FF2F18}.Debug|ARM.ActiveCfg = Debug|Any CPU
		{1FC9E3C3-9DD8-4821-A38B-A6BA60FF2F18}.Debug|Mixed Platforms.ActiveCfg = Debug|Any CPU
		{1FC9E3C3-9DD8-4821-A38B-A6BA60FF2F18}.Debug|Mixed Platforms.Build.0 = Debug|Any CPU
		{1FC9E3C3-9DD8-4821-A38B-A6BA60FF2F18}.Debug|x64.ActiveCfg = Debug|Any CPU
		{1FC9E3C3-9DD8-4821-A38B-A6BA60FF2F18}.Debug|x86.ActiveCfg = Debug|Any CPU
		{1FC9E3C3-9DD8-4821-A38B-A6BA60FF2F18}.Release|Any CPU.ActiveCfg = Release|Any CPU
		{1FC9E3C3-9DD8-4821-A38B-A6BA60FF2F18}.Release|Any CPU.Build.0 = Release|Any CPU
		{1FC9E3C3-9DD8-4821-A38B-A6BA60FF2F18}.Release|ARM.ActiveCfg = Release|Any CPU
		{1FC9E3C3-9DD8-4821-A38B-A6BA60FF2F18}.Release|Mixed Platforms.ActiveCfg = Release|Any CPU
		{1FC9E3C3-9DD8-4821-A38B-A6BA60FF2F18}.Release|Mixed Platforms.Build.0 = Release|Any CPU
		{1FC9E3C3-9DD8-4821-A38B-A6BA60FF2F18}.Release|x64.ActiveCfg = Release|Any CPU
		{1FC9E3C3-9DD8-4821-A38B-A6BA60FF2F18}.Release|x86.ActiveCfg = Release|Any CPU
		{0CB0AB81-4C10-46B7-8AB6-0468E312D267}.Debug|Any CPU.ActiveCfg = Debug|Any CPU
		{0CB0AB81-4C10-46B7-8AB6-0468E312D267}.Debug|Any CPU.Build.0 = Debug|Any CPU
		{0CB0AB81-4C10-46B7-8AB6-0468E312D267}.Debug|ARM.ActiveCfg = Debug|Any CPU
		{0CB0AB81-4C10-46B7-8AB6-0468E312D267}.Debug|Mixed Platforms.ActiveCfg = Debug|Any CPU
		{0CB0AB81-4C10-46B7-8AB6-0468E312D267}.Debug|Mixed Platforms.Build.0 = Debug|Any CPU
		{0CB0AB81-4C10-46B7-8AB6-0468E312D267}.Debug|x64.ActiveCfg = Debug|Any CPU
		{0CB0AB81-4C10-46B7-8AB6-0468E312D267}.Debug|x86.ActiveCfg = Debug|Any CPU
		{0CB0AB81-4C10-46B7-8AB6-0468E312D267}.Release|Any CPU.ActiveCfg = Release|Any CPU
		{0CB0AB81-4C10-46B7-8AB6-0468E312D267}.Release|Any CPU.Build.0 = Release|Any CPU
		{0CB0AB81-4C10-46B7-8AB6-0468E312D267}.Release|ARM.ActiveCfg = Release|Any CPU
		{0CB0AB81-4C10-46B7-8AB6-0468E312D267}.Release|Mixed Platforms.ActiveCfg = Release|Any CPU
		{0CB0AB81-4C10-46B7-8AB6-0468E312D267}.Release|Mixed Platforms.Build.0 = Release|Any CPU
		{0CB0AB81-4C10-46B7-8AB6-0468E312D267}.Release|x64.ActiveCfg = Release|Any CPU
		{0CB0AB81-4C10-46B7-8AB6-0468E312D267}.Release|x86.ActiveCfg = Release|Any CPU
		{8F035C15-5A6A-4C5D-B816-956354015F82}.Debug|Any CPU.ActiveCfg = Debug|Any CPU
		{8F035C15-5A6A-4C5D-B816-956354015F82}.Debug|Any CPU.Build.0 = Debug|Any CPU
		{8F035C15-5A6A-4C5D-B816-956354015F82}.Debug|ARM.ActiveCfg = Debug|Any CPU
		{8F035C15-5A6A-4C5D-B816-956354015F82}.Debug|Mixed Platforms.ActiveCfg = Debug|Any CPU
		{8F035C15-5A6A-4C5D-B816-956354015F82}.Debug|Mixed Platforms.Build.0 = Debug|Any CPU
		{8F035C15-5A6A-4C5D-B816-956354015F82}.Debug|x64.ActiveCfg = Debug|Any CPU
		{8F035C15-5A6A-4C5D-B816-956354015F82}.Debug|x86.ActiveCfg = Debug|Any CPU
		{8F035C15-5A6A-4C5D-B816-956354015F82}.Release|Any CPU.ActiveCfg = Release|Any CPU
		{8F035C15-5A6A-4C5D-B816-956354015F82}.Release|Any CPU.Build.0 = Release|Any CPU
		{8F035C15-5A6A-4C5D-B816-956354015F82}.Release|ARM.ActiveCfg = Release|Any CPU
		{8F035C15-5A6A-4C5D-B816-956354015F82}.Release|Mixed Platforms.ActiveCfg = Release|Any CPU
		{8F035C15-5A6A-4C5D-B816-956354015F82}.Release|Mixed Platforms.Build.0 = Release|Any CPU
		{8F035C15-5A6A-4C5D-B816-956354015F82}.Release|x64.ActiveCfg = Release|Any CPU
		{8F035C15-5A6A-4C5D-B816-956354015F82}.Release|x86.ActiveCfg = Release|Any CPU
		{6381085E-3F99-46F5-8383-9063A26B280A}.Debug|Any CPU.ActiveCfg = Debug|Any CPU
		{6381085E-3F99-46F5-8383-9063A26B280A}.Debug|Any CPU.Build.0 = Debug|Any CPU
		{6381085E-3F99-46F5-8383-9063A26B280A}.Debug|ARM.ActiveCfg = Debug|Any CPU
		{6381085E-3F99-46F5-8383-9063A26B280A}.Debug|Mixed Platforms.ActiveCfg = Debug|Any CPU
		{6381085E-3F99-46F5-8383-9063A26B280A}.Debug|Mixed Platforms.Build.0 = Debug|Any CPU
		{6381085E-3F99-46F5-8383-9063A26B280A}.Debug|x64.ActiveCfg = Debug|Any CPU
		{6381085E-3F99-46F5-8383-9063A26B280A}.Debug|x86.ActiveCfg = Debug|Any CPU
		{6381085E-3F99-46F5-8383-9063A26B280A}.Release|Any CPU.ActiveCfg = Release|Any CPU
		{6381085E-3F99-46F5-8383-9063A26B280A}.Release|Any CPU.Build.0 = Release|Any CPU
		{6381085E-3F99-46F5-8383-9063A26B280A}.Release|ARM.ActiveCfg = Release|Any CPU
		{6381085E-3F99-46F5-8383-9063A26B280A}.Release|Mixed Platforms.ActiveCfg = Release|Any CPU
		{6381085E-3F99-46F5-8383-9063A26B280A}.Release|Mixed Platforms.Build.0 = Release|Any CPU
		{6381085E-3F99-46F5-8383-9063A26B280A}.Release|x64.ActiveCfg = Release|Any CPU
		{6381085E-3F99-46F5-8383-9063A26B280A}.Release|x86.ActiveCfg = Release|Any CPU
		{A42A5BD9-493E-4481-9F13-5DDC860D23BA}.Debug|Any CPU.ActiveCfg = Debug|Any CPU
		{A42A5BD9-493E-4481-9F13-5DDC860D23BA}.Debug|Any CPU.Build.0 = Debug|Any CPU
		{A42A5BD9-493E-4481-9F13-5DDC860D23BA}.Debug|ARM.ActiveCfg = Debug|Any CPU
		{A42A5BD9-493E-4481-9F13-5DDC860D23BA}.Debug|Mixed Platforms.ActiveCfg = Debug|Any CPU
		{A42A5BD9-493E-4481-9F13-5DDC860D23BA}.Debug|Mixed Platforms.Build.0 = Debug|Any CPU
		{A42A5BD9-493E-4481-9F13-5DDC860D23BA}.Debug|x64.ActiveCfg = Debug|Any CPU
		{A42A5BD9-493E-4481-9F13-5DDC860D23BA}.Debug|x86.ActiveCfg = Debug|Any CPU
		{A42A5BD9-493E-4481-9F13-5DDC860D23BA}.Release|Any CPU.ActiveCfg = Release|Any CPU
		{A42A5BD9-493E-4481-9F13-5DDC860D23BA}.Release|Any CPU.Build.0 = Release|Any CPU
		{A42A5BD9-493E-4481-9F13-5DDC860D23BA}.Release|ARM.ActiveCfg = Release|Any CPU
		{A42A5BD9-493E-4481-9F13-5DDC860D23BA}.Release|Mixed Platforms.ActiveCfg = Release|Any CPU
		{A42A5BD9-493E-4481-9F13-5DDC860D23BA}.Release|Mixed Platforms.Build.0 = Release|Any CPU
		{A42A5BD9-493E-4481-9F13-5DDC860D23BA}.Release|x64.ActiveCfg = Release|Any CPU
		{A42A5BD9-493E-4481-9F13-5DDC860D23BA}.Release|x86.ActiveCfg = Release|Any CPU
		{68D09101-3908-4C74-AFB4-0FE1EBE3BD3C}.Debug|Any CPU.ActiveCfg = Debug|Any CPU
		{68D09101-3908-4C74-AFB4-0FE1EBE3BD3C}.Debug|Any CPU.Build.0 = Debug|Any CPU
		{68D09101-3908-4C74-AFB4-0FE1EBE3BD3C}.Debug|ARM.ActiveCfg = Debug|Any CPU
		{68D09101-3908-4C74-AFB4-0FE1EBE3BD3C}.Debug|Mixed Platforms.ActiveCfg = Debug|Any CPU
		{68D09101-3908-4C74-AFB4-0FE1EBE3BD3C}.Debug|Mixed Platforms.Build.0 = Debug|Any CPU
		{68D09101-3908-4C74-AFB4-0FE1EBE3BD3C}.Debug|x64.ActiveCfg = Debug|Any CPU
		{68D09101-3908-4C74-AFB4-0FE1EBE3BD3C}.Debug|x86.ActiveCfg = Debug|Any CPU
		{68D09101-3908-4C74-AFB4-0FE1EBE3BD3C}.Release|Any CPU.ActiveCfg = Release|Any CPU
		{68D09101-3908-4C74-AFB4-0FE1EBE3BD3C}.Release|Any CPU.Build.0 = Release|Any CPU
		{68D09101-3908-4C74-AFB4-0FE1EBE3BD3C}.Release|ARM.ActiveCfg = Release|Any CPU
		{68D09101-3908-4C74-AFB4-0FE1EBE3BD3C}.Release|Mixed Platforms.ActiveCfg = Release|Any CPU
		{68D09101-3908-4C74-AFB4-0FE1EBE3BD3C}.Release|Mixed Platforms.Build.0 = Release|Any CPU
		{68D09101-3908-4C74-AFB4-0FE1EBE3BD3C}.Release|x64.ActiveCfg = Release|Any CPU
		{68D09101-3908-4C74-AFB4-0FE1EBE3BD3C}.Release|x86.ActiveCfg = Release|Any CPU
		{37F3CEB1-D604-4E55-90F6-7FFDB85A9940}.Debug|Any CPU.ActiveCfg = Debug|Any CPU
		{37F3CEB1-D604-4E55-90F6-7FFDB85A9940}.Debug|Any CPU.Build.0 = Debug|Any CPU
		{37F3CEB1-D604-4E55-90F6-7FFDB85A9940}.Debug|ARM.ActiveCfg = Debug|Any CPU
		{37F3CEB1-D604-4E55-90F6-7FFDB85A9940}.Debug|Mixed Platforms.ActiveCfg = Debug|Any CPU
		{37F3CEB1-D604-4E55-90F6-7FFDB85A9940}.Debug|Mixed Platforms.Build.0 = Debug|Any CPU
		{37F3CEB1-D604-4E55-90F6-7FFDB85A9940}.Debug|x64.ActiveCfg = Debug|Any CPU
		{37F3CEB1-D604-4E55-90F6-7FFDB85A9940}.Debug|x86.ActiveCfg = Debug|Any CPU
		{37F3CEB1-D604-4E55-90F6-7FFDB85A9940}.Release|Any CPU.ActiveCfg = Release|Any CPU
		{37F3CEB1-D604-4E55-90F6-7FFDB85A9940}.Release|Any CPU.Build.0 = Release|Any CPU
		{37F3CEB1-D604-4E55-90F6-7FFDB85A9940}.Release|ARM.ActiveCfg = Release|Any CPU
		{37F3CEB1-D604-4E55-90F6-7FFDB85A9940}.Release|Mixed Platforms.ActiveCfg = Release|Any CPU
		{37F3CEB1-D604-4E55-90F6-7FFDB85A9940}.Release|Mixed Platforms.Build.0 = Release|Any CPU
		{37F3CEB1-D604-4E55-90F6-7FFDB85A9940}.Release|x64.ActiveCfg = Release|Any CPU
		{37F3CEB1-D604-4E55-90F6-7FFDB85A9940}.Release|x86.ActiveCfg = Release|Any CPU
		{AEC6A994-F72B-4862-B751-7019B2EF8768}.Debug|Any CPU.ActiveCfg = Debug|Any CPU
		{AEC6A994-F72B-4862-B751-7019B2EF8768}.Debug|Any CPU.Build.0 = Debug|Any CPU
		{AEC6A994-F72B-4862-B751-7019B2EF8768}.Debug|ARM.ActiveCfg = Debug|Any CPU
		{AEC6A994-F72B-4862-B751-7019B2EF8768}.Debug|Mixed Platforms.ActiveCfg = Debug|Any CPU
		{AEC6A994-F72B-4862-B751-7019B2EF8768}.Debug|Mixed Platforms.Build.0 = Debug|Any CPU
		{AEC6A994-F72B-4862-B751-7019B2EF8768}.Debug|x64.ActiveCfg = Debug|Any CPU
		{AEC6A994-F72B-4862-B751-7019B2EF8768}.Debug|x86.ActiveCfg = Debug|Any CPU
		{AEC6A994-F72B-4862-B751-7019B2EF8768}.Release|Any CPU.ActiveCfg = Release|Any CPU
		{AEC6A994-F72B-4862-B751-7019B2EF8768}.Release|Any CPU.Build.0 = Release|Any CPU
		{AEC6A994-F72B-4862-B751-7019B2EF8768}.Release|ARM.ActiveCfg = Release|Any CPU
		{AEC6A994-F72B-4862-B751-7019B2EF8768}.Release|Mixed Platforms.ActiveCfg = Release|Any CPU
		{AEC6A994-F72B-4862-B751-7019B2EF8768}.Release|Mixed Platforms.Build.0 = Release|Any CPU
		{AEC6A994-F72B-4862-B751-7019B2EF8768}.Release|x64.ActiveCfg = Release|Any CPU
		{AEC6A994-F72B-4862-B751-7019B2EF8768}.Release|x86.ActiveCfg = Release|Any CPU
		{B2199345-BD40-4B6E-A003-3885DDC9106B}.Debug|Any CPU.ActiveCfg = Debug|Any CPU
		{B2199345-BD40-4B6E-A003-3885DDC9106B}.Debug|Any CPU.Build.0 = Debug|Any CPU
		{B2199345-BD40-4B6E-A003-3885DDC9106B}.Debug|ARM.ActiveCfg = Debug|ARM
		{B2199345-BD40-4B6E-A003-3885DDC9106B}.Debug|ARM.Build.0 = Debug|ARM
		{B2199345-BD40-4B6E-A003-3885DDC9106B}.Debug|Mixed Platforms.ActiveCfg = Debug|Any CPU
		{B2199345-BD40-4B6E-A003-3885DDC9106B}.Debug|Mixed Platforms.Build.0 = Debug|Any CPU
		{B2199345-BD40-4B6E-A003-3885DDC9106B}.Debug|x64.ActiveCfg = Debug|x64
		{B2199345-BD40-4B6E-A003-3885DDC9106B}.Debug|x64.Build.0 = Debug|x64
		{B2199345-BD40-4B6E-A003-3885DDC9106B}.Debug|x86.ActiveCfg = Debug|x86
		{B2199345-BD40-4B6E-A003-3885DDC9106B}.Debug|x86.Build.0 = Debug|x86
		{B2199345-BD40-4B6E-A003-3885DDC9106B}.Release|Any CPU.ActiveCfg = Release|Any CPU
		{B2199345-BD40-4B6E-A003-3885DDC9106B}.Release|Any CPU.Build.0 = Release|Any CPU
		{B2199345-BD40-4B6E-A003-3885DDC9106B}.Release|ARM.ActiveCfg = Release|ARM
		{B2199345-BD40-4B6E-A003-3885DDC9106B}.Release|Mixed Platforms.ActiveCfg = Release|Any CPU
		{B2199345-BD40-4B6E-A003-3885DDC9106B}.Release|Mixed Platforms.Build.0 = Release|Any CPU
		{B2199345-BD40-4B6E-A003-3885DDC9106B}.Release|x64.ActiveCfg = Release|x64
		{B2199345-BD40-4B6E-A003-3885DDC9106B}.Release|x86.ActiveCfg = Release|x86
		{02BEC9C3-C10A-4E48-92FF-3EAA2CD5690B}.Debug|Any CPU.ActiveCfg = Debug|Any CPU
		{02BEC9C3-C10A-4E48-92FF-3EAA2CD5690B}.Debug|Any CPU.Build.0 = Debug|Any CPU
		{02BEC9C3-C10A-4E48-92FF-3EAA2CD5690B}.Debug|ARM.ActiveCfg = Debug|Any CPU
		{02BEC9C3-C10A-4E48-92FF-3EAA2CD5690B}.Debug|Mixed Platforms.ActiveCfg = Debug|Any CPU
		{02BEC9C3-C10A-4E48-92FF-3EAA2CD5690B}.Debug|Mixed Platforms.Build.0 = Debug|Any CPU
		{02BEC9C3-C10A-4E48-92FF-3EAA2CD5690B}.Debug|x64.ActiveCfg = Debug|Any CPU
		{02BEC9C3-C10A-4E48-92FF-3EAA2CD5690B}.Debug|x86.ActiveCfg = Debug|Any CPU
		{02BEC9C3-C10A-4E48-92FF-3EAA2CD5690B}.Release|Any CPU.ActiveCfg = Release|Any CPU
		{02BEC9C3-C10A-4E48-92FF-3EAA2CD5690B}.Release|Any CPU.Build.0 = Release|Any CPU
		{02BEC9C3-C10A-4E48-92FF-3EAA2CD5690B}.Release|ARM.ActiveCfg = Release|Any CPU
		{02BEC9C3-C10A-4E48-92FF-3EAA2CD5690B}.Release|Mixed Platforms.ActiveCfg = Release|Any CPU
		{02BEC9C3-C10A-4E48-92FF-3EAA2CD5690B}.Release|Mixed Platforms.Build.0 = Release|Any CPU
		{02BEC9C3-C10A-4E48-92FF-3EAA2CD5690B}.Release|x64.ActiveCfg = Release|Any CPU
		{02BEC9C3-C10A-4E48-92FF-3EAA2CD5690B}.Release|x86.ActiveCfg = Release|Any CPU
		{EC9F93A3-906B-4F3C-A6AB-484BE69A3EDB}.Debug|Any CPU.ActiveCfg = Debug|Any CPU
		{EC9F93A3-906B-4F3C-A6AB-484BE69A3EDB}.Debug|Any CPU.Build.0 = Debug|Any CPU
		{EC9F93A3-906B-4F3C-A6AB-484BE69A3EDB}.Debug|ARM.ActiveCfg = Debug|Any CPU
		{EC9F93A3-906B-4F3C-A6AB-484BE69A3EDB}.Debug|Mixed Platforms.ActiveCfg = Debug|Any CPU
		{EC9F93A3-906B-4F3C-A6AB-484BE69A3EDB}.Debug|Mixed Platforms.Build.0 = Debug|Any CPU
		{EC9F93A3-906B-4F3C-A6AB-484BE69A3EDB}.Debug|x64.ActiveCfg = Debug|Any CPU
		{EC9F93A3-906B-4F3C-A6AB-484BE69A3EDB}.Debug|x86.ActiveCfg = Debug|Any CPU
		{EC9F93A3-906B-4F3C-A6AB-484BE69A3EDB}.Release|Any CPU.ActiveCfg = Release|Any CPU
		{EC9F93A3-906B-4F3C-A6AB-484BE69A3EDB}.Release|Any CPU.Build.0 = Release|Any CPU
		{EC9F93A3-906B-4F3C-A6AB-484BE69A3EDB}.Release|ARM.ActiveCfg = Release|Any CPU
		{EC9F93A3-906B-4F3C-A6AB-484BE69A3EDB}.Release|Mixed Platforms.ActiveCfg = Release|Any CPU
		{EC9F93A3-906B-4F3C-A6AB-484BE69A3EDB}.Release|Mixed Platforms.Build.0 = Release|Any CPU
		{EC9F93A3-906B-4F3C-A6AB-484BE69A3EDB}.Release|x64.ActiveCfg = Release|Any CPU
		{EC9F93A3-906B-4F3C-A6AB-484BE69A3EDB}.Release|x86.ActiveCfg = Release|Any CPU
		{4D914242-373C-4E1F-98AA-9D87662E6096}.Debug|Any CPU.ActiveCfg = Debug|Any CPU
		{4D914242-373C-4E1F-98AA-9D87662E6096}.Debug|Any CPU.Build.0 = Debug|Any CPU
		{4D914242-373C-4E1F-98AA-9D87662E6096}.Debug|ARM.ActiveCfg = Debug|Any CPU
		{4D914242-373C-4E1F-98AA-9D87662E6096}.Debug|Mixed Platforms.ActiveCfg = Debug|Any CPU
		{4D914242-373C-4E1F-98AA-9D87662E6096}.Debug|Mixed Platforms.Build.0 = Debug|Any CPU
		{4D914242-373C-4E1F-98AA-9D87662E6096}.Debug|x64.ActiveCfg = Debug|Any CPU
		{4D914242-373C-4E1F-98AA-9D87662E6096}.Debug|x86.ActiveCfg = Debug|Any CPU
		{4D914242-373C-4E1F-98AA-9D87662E6096}.Release|Any CPU.ActiveCfg = Release|Any CPU
		{4D914242-373C-4E1F-98AA-9D87662E6096}.Release|Any CPU.Build.0 = Release|Any CPU
		{4D914242-373C-4E1F-98AA-9D87662E6096}.Release|ARM.ActiveCfg = Release|Any CPU
		{4D914242-373C-4E1F-98AA-9D87662E6096}.Release|Mixed Platforms.ActiveCfg = Release|Any CPU
		{4D914242-373C-4E1F-98AA-9D87662E6096}.Release|Mixed Platforms.Build.0 = Release|Any CPU
		{4D914242-373C-4E1F-98AA-9D87662E6096}.Release|x64.ActiveCfg = Release|Any CPU
		{4D914242-373C-4E1F-98AA-9D87662E6096}.Release|x86.ActiveCfg = Release|Any CPU
	EndGlobalSection
	GlobalSection(SolutionProperties) = preSolution
		HideSolutionNode = FALSE
	EndGlobalSection
	GlobalSection(TestCaseManagementSettings) = postSolution
		CategoryFile = CslaContrib.vsmdi
	EndGlobalSection
EndGlobal
