
Microsoft Visual Studio Solution File, Format Version 12.00
# Visual Studio 14
VisualStudioVersion = 14.0.25420.1
MinimumVisualStudioVersion = 10.0.40219.1
Project("{2150E333-8FDC-42A3-9474-1A3956D46DE8}") = "Solution Items", "Solution Items", "{E2C79026-B542-4EC0-B2B0-5BC285D9AF3C}"
	ProjectSection(SolutionItems) = preProject
		.editorconfig = .editorconfig
		CslaContrib.snk = CslaContrib.snk
		CslaContrib.vsmdi = CslaContrib.vsmdi
		GlobalAssemblyInfo.cs = GlobalAssemblyInfo.cs
		..\..\LICENSE.md = ..\..\LICENSE.md
		Local.testsettings = Local.testsettings
		..\..\README.md = ..\..\README.md
		TraceAndTestImpact.testsettings = TraceAndTestImpact.testsettings
	EndProjectSection
EndProject
Project("{FAE04EC0-301F-11D3-BF4B-00C04F79EFBC}") = "CslaContrib.Caliburn.Micro.V2.WPF.Net4", "CslaContrib.Caliburn.Micro.V2.WPF.Net4\CslaContrib.Caliburn.Micro.V2.WPF.Net4.csproj", "{4D914242-373C-4E1F-98AA-9D87662E6096}"
EndProject
Project("{FAE04EC0-301F-11D3-BF4B-00C04F79EFBC}") = "CslaContrib.Caliburn.Micro.V2.WPF.Net45", "CslaContrib.Caliburn.Micro.V2.WPF.Net45\CslaContrib.Caliburn.Micro.V2.WPF.Net45.csproj", "{EC9F93A3-906B-4F3C-A6AB-484BE69A3EDB}"
EndProject
Project("{FAE04EC0-301F-11D3-BF4B-00C04F79EFBC}") = "CslaContrib.Caliburn.Micro.V2.WPF.Net46", "CslaContrib.Caliburn.Micro.V2.WPF.Net46\CslaContrib.Caliburn.Micro.V2.WPF.Net46.csproj", "{2465823A-A11E-4265-9852-4BB72534E062}"
EndProject
Project("{FAE04EC0-301F-11D3-BF4B-00C04F79EFBC}") = "CslaContrib.Caliburn.Micro.WPF.Net4", "CslaContrib.Caliburn.Micro.WPF.Net4\CslaContrib.Caliburn.Micro.WPF.Net4.csproj", "{F56D3360-1AC4-4404-AF7E-A535E400B38A}"
EndProject
Project("{FAE04EC0-301F-11D3-BF4B-00C04F79EFBC}") = "CslaContrib.Caliburn.Micro.WPF.Net45", "CslaContrib.Caliburn.Micro.WPF.Net45\CslaContrib.Caliburn.Micro.WPF.Net45.csproj", "{AEC13539-BCFB-4CEE-A324-479D41E39D39}"
EndProject
Project("{FAE04EC0-301F-11D3-BF4B-00C04F79EFBC}") = "CslaContrib.Caliburn.Micro.WPF.Net46", "CslaContrib.Caliburn.Micro.WPF.Net46\CslaContrib.Caliburn.Micro.WPF.Net46.csproj", "{52564359-6CD0-4B56-8211-57710AA3BD4C}"
EndProject
Project("{FAE04EC0-301F-11D3-BF4B-00C04F79EFBC}") = "CslaContrib.CustomFieldData.Net4", "CslaContrib.CustomFieldData.Net4\CslaContrib.CustomFieldData.Net4.csproj", "{D2272FC3-EFC6-4DB4-A94F-823CEB5A039A}"
EndProject
Project("{FAE04EC0-301F-11D3-BF4B-00C04F79EFBC}") = "CslaContrib.CustomFieldData.Net45", "CslaContrib.CustomFieldData.Net45\CslaContrib.CustomFieldData.Net45.csproj", "{DE562221-E911-4908-B3C1-6269E1594242}"
EndProject
Project("{FAE04EC0-301F-11D3-BF4B-00C04F79EFBC}") = "CslaContrib.CustomFieldData.Net46", "CslaContrib.CustomFieldData.Net46\CslaContrib.CustomFieldData.Net46.csproj", "{0D9A041C-F232-4106-A469-56AC4B5DAD98}"
EndProject
Project("{FAE04EC0-301F-11D3-BF4B-00C04F79EFBC}") = "CslaContrib.MEF.Net4", "CslaContrib.MEF.Net4\CslaContrib.MEF.Net4.csproj", "{68D09101-3908-4C74-AFB4-0FE1EBE3BD3C}"
EndProject
Project("{FAE04EC0-301F-11D3-BF4B-00C04F79EFBC}") = "CslaContrib.MEF.Net45", "CslaContrib.MEF.Net45\CslaContrib.MEF.Net45.csproj", "{06189757-FBB9-4D00-8B9E-7BEBB543E66C}"
EndProject
Project("{FAE04EC0-301F-11D3-BF4B-00C04F79EFBC}") = "CslaContrib.MEF.Net46", "CslaContrib.MEF.Net46\CslaContrib.MEF.Net46.csproj", "{9F271FBB-2F69-4B12-B26F-06AB55EB5903}"
EndProject
Project("{FAE04EC0-301F-11D3-BF4B-00C04F79EFBC}") = "CslaContrib.MEF.WinRT", "CslaContrib.MEF.WinRT\CslaContrib.MEF.WinRT.csproj", "{B2199345-BD40-4B6E-A003-3885DDC9106B}"
EndProject
Project("{FAE04EC0-301F-11D3-BF4B-00C04F79EFBC}") = "CslaContrib.Net4", "CslaContrib.Net4\CslaContrib.Net4.csproj", "{480F0ECD-13E4-453C-8719-750E5A1F1929}"
EndProject
Project("{FAE04EC0-301F-11D3-BF4B-00C04F79EFBC}") = "CslaContrib.Net45", "CslaContrib.Net45\CslaContrib.Net45.csproj", "{267A47BA-E5E2-489F-B1D7-B0D663AF316B}"
EndProject
Project("{FAE04EC0-301F-11D3-BF4B-00C04F79EFBC}") = "CslaContrib.Net46", "CslaContrib.Net46\CslaContrib.Net46.csproj", "{0C7D0FCF-27FE-42EC-8D6D-0A4FCE69EA51}"
EndProject
Project("{FAE04EC0-301F-11D3-BF4B-00C04F79EFBC}") = "CslaContrib.ObjectCaching.AppFabric.Net4", "CslaContrib.ObjectCaching.AppFabric.Net4\CslaContrib.ObjectCaching.AppFabric.Net4.csproj", "{37F3CEB1-D604-4E55-90F6-7FFDB85A9940}"
EndProject
Project("{FAE04EC0-301F-11D3-BF4B-00C04F79EFBC}") = "CslaContrib.ObjectCaching.AppFabric.Net45", "CslaContrib.ObjectCaching.AppFabric.Net45\CslaContrib.ObjectCaching.AppFabric.Net45.csproj", "{A2D36728-10A2-4FEE-B23D-A41D6034510D}"
EndProject
Project("{FAE04EC0-301F-11D3-BF4B-00C04F79EFBC}") = "CslaContrib.ObjectCaching.AppFabric.Net46", "CslaContrib.ObjectCaching.AppFabric.Net46\CslaContrib.ObjectCaching.AppFabric.Net46.csproj", "{3E6AD8F6-2856-4EA6-A133-462EA3B1A8AA}"
EndProject
Project("{FAE04EC0-301F-11D3-BF4B-00C04F79EFBC}") = "CslaContrib.Windows.Net4", "CslaContrib.Windows.Net4\CslaContrib.Windows.Net4.csproj", "{6381085E-3F99-46F5-8383-9063A26B280A}"
EndProject
Project("{FAE04EC0-301F-11D3-BF4B-00C04F79EFBC}") = "CslaContrib.Windows.Net45", "CslaContrib.Windows.Net45\CslaContrib.Windows.Net45.csproj", "{0E0AA042-151E-4D59-A26D-4D262660E491}"
EndProject
Project("{FAE04EC0-301F-11D3-BF4B-00C04F79EFBC}") = "CslaContrib.Windows.Net46", "CslaContrib.Windows.Net46\CslaContrib.Windows.Net46.csproj", "{7CE75DC9-2856-4403-BB6C-26046E0AB0A8}"
EndProject
Project("{FAE04EC0-301F-11D3-BF4B-00C04F79EFBC}") = "CslaContrib.Xaml.Net4", "CslaContrib.Xaml.Net4\CslaContrib.Xaml.Net4.csproj", "{A42A5BD9-493E-4481-9F13-5DDC860D23BA}"
EndProject
Project("{FAE04EC0-301F-11D3-BF4B-00C04F79EFBC}") = "CslaContrib.Xaml.Net45", "CslaContrib.Xaml.Net45\CslaContrib.Xaml.Net45.csproj", "{2F6EDEC3-C611-4829-AA0D-B610319086AB}"
EndProject
Project("{FAE04EC0-301F-11D3-BF4B-00C04F79EFBC}") = "CslaContrib.Xaml.Net46", "CslaContrib.Xaml.Net46\CslaContrib.Xaml.Net46.csproj", "{765917B5-0CC4-46DB-A9D3-99053F9E7BCB}"
EndProject
Global
	GlobalSection(SolutionConfigurationPlatforms) = preSolution
		Debug|Any CPU = Debug|Any CPU
		Debug|ARM = Debug|ARM
		Debug|Mixed Platforms = Debug|Mixed Platforms
		Debug|x64 = Debug|x64
		Debug|x86 = Debug|x86
		Release|Any CPU = Release|Any CPU
		Release|ARM = Release|ARM
		Release|Mixed Platforms = Release|Mixed Platforms
		Release|x64 = Release|x64
		Release|x86 = Release|x86
	EndGlobalSection
	GlobalSection(ProjectConfigurationPlatforms) = postSolution
		{4D914242-373C-4E1F-98AA-9D87662E6096}.Debug|Any CPU.ActiveCfg = Debug|Any CPU
		{4D914242-373C-4E1F-98AA-9D87662E6096}.Debug|Any CPU.Build.0 = Debug|Any CPU
		{4D914242-373C-4E1F-98AA-9D87662E6096}.Debug|ARM.ActiveCfg = Debug|Any CPU
		{4D914242-373C-4E1F-98AA-9D87662E6096}.Debug|Mixed Platforms.ActiveCfg = Debug|Any CPU
		{4D914242-373C-4E1F-98AA-9D87662E6096}.Debug|Mixed Platforms.Build.0 = Debug|Any CPU
		{4D914242-373C-4E1F-98AA-9D87662E6096}.Debug|x64.ActiveCfg = Debug|Any CPU
		{4D914242-373C-4E1F-98AA-9D87662E6096}.Debug|x86.ActiveCfg = Debug|Any CPU
		{4D914242-373C-4E1F-98AA-9D87662E6096}.Release|Any CPU.ActiveCfg = Release|Any CPU
		{4D914242-373C-4E1F-98AA-9D87662E6096}.Release|Any CPU.Build.0 = Release|Any CPU
		{4D914242-373C-4E1F-98AA-9D87662E6096}.Release|ARM.ActiveCfg = Release|Any CPU
		{4D914242-373C-4E1F-98AA-9D87662E6096}.Release|Mixed Platforms.ActiveCfg = Release|Any CPU
		{4D914242-373C-4E1F-98AA-9D87662E6096}.Release|Mixed Platforms.Build.0 = Release|Any CPU
		{4D914242-373C-4E1F-98AA-9D87662E6096}.Release|x64.ActiveCfg = Release|Any CPU
		{4D914242-373C-4E1F-98AA-9D87662E6096}.Release|x86.ActiveCfg = Release|Any CPU
		{EC9F93A3-906B-4F3C-A6AB-484BE69A3EDB}.Debug|Any CPU.ActiveCfg = Debug|Any CPU
		{EC9F93A3-906B-4F3C-A6AB-484BE69A3EDB}.Debug|Any CPU.Build.0 = Debug|Any CPU
		{EC9F93A3-906B-4F3C-A6AB-484BE69A3EDB}.Debug|ARM.ActiveCfg = Debug|Any CPU
		{EC9F93A3-906B-4F3C-A6AB-484BE69A3EDB}.Debug|Mixed Platforms.ActiveCfg = Debug|Any CPU
		{EC9F93A3-906B-4F3C-A6AB-484BE69A3EDB}.Debug|Mixed Platforms.Build.0 = Debug|Any CPU
		{EC9F93A3-906B-4F3C-A6AB-484BE69A3EDB}.Debug|x64.ActiveCfg = Debug|Any CPU
		{EC9F93A3-906B-4F3C-A6AB-484BE69A3EDB}.Debug|x86.ActiveCfg = Debug|Any CPU
		{EC9F93A3-906B-4F3C-A6AB-484BE69A3EDB}.Release|Any CPU.ActiveCfg = Release|Any CPU
		{EC9F93A3-906B-4F3C-A6AB-484BE69A3EDB}.Release|Any CPU.Build.0 = Release|Any CPU
		{EC9F93A3-906B-4F3C-A6AB-484BE69A3EDB}.Release|ARM.ActiveCfg = Release|Any CPU
		{EC9F93A3-906B-4F3C-A6AB-484BE69A3EDB}.Release|Mixed Platforms.ActiveCfg = Release|Any CPU
		{EC9F93A3-906B-4F3C-A6AB-484BE69A3EDB}.Release|Mixed Platforms.Build.0 = Release|Any CPU
		{EC9F93A3-906B-4F3C-A6AB-484BE69A3EDB}.Release|x64.ActiveCfg = Release|Any CPU
		{EC9F93A3-906B-4F3C-A6AB-484BE69A3EDB}.Release|x86.ActiveCfg = Release|Any CPU
		{2465823A-A11E-4265-9852-4BB72534E062}.Debug|Any CPU.ActiveCfg = Debug|Any CPU
		{2465823A-A11E-4265-9852-4BB72534E062}.Debug|Any CPU.Build.0 = Debug|Any CPU
		{2465823A-A11E-4265-9852-4BB72534E062}.Debug|ARM.ActiveCfg = Debug|Any CPU
		{2465823A-A11E-4265-9852-4BB72534E062}.Debug|ARM.Build.0 = Debug|Any CPU
		{2465823A-A11E-4265-9852-4BB72534E062}.Debug|Mixed Platforms.ActiveCfg = Debug|Any CPU
		{2465823A-A11E-4265-9852-4BB72534E062}.Debug|Mixed Platforms.Build.0 = Debug|Any CPU
		{2465823A-A11E-4265-9852-4BB72534E062}.Debug|x64.ActiveCfg = Debug|Any CPU
		{2465823A-A11E-4265-9852-4BB72534E062}.Debug|x64.Build.0 = Debug|Any CPU
		{2465823A-A11E-4265-9852-4BB72534E062}.Debug|x86.ActiveCfg = Debug|Any CPU
		{2465823A-A11E-4265-9852-4BB72534E062}.Debug|x86.Build.0 = Debug|Any CPU
		{2465823A-A11E-4265-9852-4BB72534E062}.Release|Any CPU.ActiveCfg = Release|Any CPU
		{2465823A-A11E-4265-9852-4BB72534E062}.Release|Any CPU.Build.0 = Release|Any CPU
		{2465823A-A11E-4265-9852-4BB72534E062}.Release|ARM.ActiveCfg = Release|Any CPU
		{2465823A-A11E-4265-9852-4BB72534E062}.Release|ARM.Build.0 = Release|Any CPU
		{2465823A-A11E-4265-9852-4BB72534E062}.Release|Mixed Platforms.ActiveCfg = Release|Any CPU
		{2465823A-A11E-4265-9852-4BB72534E062}.Release|Mixed Platforms.Build.0 = Release|Any CPU
		{2465823A-A11E-4265-9852-4BB72534E062}.Release|x64.ActiveCfg = Release|Any CPU
		{2465823A-A11E-4265-9852-4BB72534E062}.Release|x64.Build.0 = Release|Any CPU
		{2465823A-A11E-4265-9852-4BB72534E062}.Release|x86.ActiveCfg = Release|Any CPU
		{2465823A-A11E-4265-9852-4BB72534E062}.Release|x86.Build.0 = Release|Any CPU
		{F56D3360-1AC4-4404-AF7E-A535E400B38A}.Debug|Any CPU.ActiveCfg = Debug|Any CPU
		{F56D3360-1AC4-4404-AF7E-A535E400B38A}.Debug|Any CPU.Build.0 = Debug|Any CPU
		{F56D3360-1AC4-4404-AF7E-A535E400B38A}.Debug|ARM.ActiveCfg = Debug|Any CPU
		{F56D3360-1AC4-4404-AF7E-A535E400B38A}.Debug|Mixed Platforms.ActiveCfg = Debug|Any CPU
		{F56D3360-1AC4-4404-AF7E-A535E400B38A}.Debug|Mixed Platforms.Build.0 = Debug|Any CPU
		{F56D3360-1AC4-4404-AF7E-A535E400B38A}.Debug|x64.ActiveCfg = Debug|Any CPU
		{F56D3360-1AC4-4404-AF7E-A535E400B38A}.Debug|x86.ActiveCfg = Debug|Any CPU
		{F56D3360-1AC4-4404-AF7E-A535E400B38A}.Release|Any CPU.ActiveCfg = Release|Any CPU
		{F56D3360-1AC4-4404-AF7E-A535E400B38A}.Release|Any CPU.Build.0 = Release|Any CPU
		{F56D3360-1AC4-4404-AF7E-A535E400B38A}.Release|ARM.ActiveCfg = Release|Any CPU
		{F56D3360-1AC4-4404-AF7E-A535E400B38A}.Release|Mixed Platforms.ActiveCfg = Release|Any CPU
		{F56D3360-1AC4-4404-AF7E-A535E400B38A}.Release|Mixed Platforms.Build.0 = Release|Any CPU
		{F56D3360-1AC4-4404-AF7E-A535E400B38A}.Release|x64.ActiveCfg = Release|Any CPU
		{F56D3360-1AC4-4404-AF7E-A535E400B38A}.Release|x86.ActiveCfg = Release|Any CPU
		{AEC13539-BCFB-4CEE-A324-479D41E39D39}.Debug|Any CPU.ActiveCfg = Debug|Any CPU
		{AEC13539-BCFB-4CEE-A324-479D41E39D39}.Debug|Any CPU.Build.0 = Debug|Any CPU
		{AEC13539-BCFB-4CEE-A324-479D41E39D39}.Debug|ARM.ActiveCfg = Debug|Any CPU
		{AEC13539-BCFB-4CEE-A324-479D41E39D39}.Debug|Mixed Platforms.ActiveCfg = Debug|Any CPU
		{AEC13539-BCFB-4CEE-A324-479D41E39D39}.Debug|Mixed Platforms.Build.0 = Debug|Any CPU
		{AEC13539-BCFB-4CEE-A324-479D41E39D39}.Debug|x64.ActiveCfg = Debug|Any CPU
		{AEC13539-BCFB-4CEE-A324-479D41E39D39}.Debug|x86.ActiveCfg = Debug|Any CPU
		{AEC13539-BCFB-4CEE-A324-479D41E39D39}.Release|Any CPU.ActiveCfg = Release|Any CPU
		{AEC13539-BCFB-4CEE-A324-479D41E39D39}.Release|Any CPU.Build.0 = Release|Any CPU
		{AEC13539-BCFB-4CEE-A324-479D41E39D39}.Release|ARM.ActiveCfg = Release|Any CPU
		{AEC13539-BCFB-4CEE-A324-479D41E39D39}.Release|Mixed Platforms.ActiveCfg = Release|Any CPU
		{AEC13539-BCFB-4CEE-A324-479D41E39D39}.Release|Mixed Platforms.Build.0 = Release|Any CPU
		{AEC13539-BCFB-4CEE-A324-479D41E39D39}.Release|x64.ActiveCfg = Release|Any CPU
		{AEC13539-BCFB-4CEE-A324-479D41E39D39}.Release|x86.ActiveCfg = Release|Any CPU
		{52564359-6CD0-4B56-8211-57710AA3BD4C}.Debug|Any CPU.ActiveCfg = Debug|Any CPU
		{52564359-6CD0-4B56-8211-57710AA3BD4C}.Debug|Any CPU.Build.0 = Debug|Any CPU
		{52564359-6CD0-4B56-8211-57710AA3BD4C}.Debug|ARM.ActiveCfg = Debug|Any CPU
		{52564359-6CD0-4B56-8211-57710AA3BD4C}.Debug|ARM.Build.0 = Debug|Any CPU
		{52564359-6CD0-4B56-8211-57710AA3BD4C}.Debug|Mixed Platforms.ActiveCfg = Debug|Any CPU
		{52564359-6CD0-4B56-8211-57710AA3BD4C}.Debug|Mixed Platforms.Build.0 = Debug|Any CPU
		{52564359-6CD0-4B56-8211-57710AA3BD4C}.Debug|x64.ActiveCfg = Debug|Any CPU
		{52564359-6CD0-4B56-8211-57710AA3BD4C}.Debug|x64.Build.0 = Debug|Any CPU
		{52564359-6CD0-4B56-8211-57710AA3BD4C}.Debug|x86.ActiveCfg = Debug|Any CPU
		{52564359-6CD0-4B56-8211-57710AA3BD4C}.Debug|x86.Build.0 = Debug|Any CPU
		{52564359-6CD0-4B56-8211-57710AA3BD4C}.Release|Any CPU.ActiveCfg = Release|Any CPU
		{52564359-6CD0-4B56-8211-57710AA3BD4C}.Release|Any CPU.Build.0 = Release|Any CPU
		{52564359-6CD0-4B56-8211-57710AA3BD4C}.Release|ARM.ActiveCfg = Release|Any CPU
		{52564359-6CD0-4B56-8211-57710AA3BD4C}.Release|ARM.Build.0 = Release|Any CPU
		{52564359-6CD0-4B56-8211-57710AA3BD4C}.Release|Mixed Platforms.ActiveCfg = Release|Any CPU
		{52564359-6CD0-4B56-8211-57710AA3BD4C}.Release|Mixed Platforms.Build.0 = Release|Any CPU
		{52564359-6CD0-4B56-8211-57710AA3BD4C}.Release|x64.ActiveCfg = Release|Any CPU
		{52564359-6CD0-4B56-8211-57710AA3BD4C}.Release|x64.Build.0 = Release|Any CPU
		{52564359-6CD0-4B56-8211-57710AA3BD4C}.Release|x86.ActiveCfg = Release|Any CPU
		{52564359-6CD0-4B56-8211-57710AA3BD4C}.Release|x86.Build.0 = Release|Any CPU
		{D2272FC3-EFC6-4DB4-A94F-823CEB5A039A}.Debug|Any CPU.ActiveCfg = Debug|Any CPU
		{D2272FC3-EFC6-4DB4-A94F-823CEB5A039A}.Debug|Any CPU.Build.0 = Debug|Any CPU
		{D2272FC3-EFC6-4DB4-A94F-823CEB5A039A}.Debug|ARM.ActiveCfg = Debug|Any CPU
		{D2272FC3-EFC6-4DB4-A94F-823CEB5A039A}.Debug|Mixed Platforms.ActiveCfg = Debug|Any CPU
		{D2272FC3-EFC6-4DB4-A94F-823CEB5A039A}.Debug|Mixed Platforms.Build.0 = Debug|Any CPU
		{D2272FC3-EFC6-4DB4-A94F-823CEB5A039A}.Debug|x64.ActiveCfg = Debug|Any CPU
		{D2272FC3-EFC6-4DB4-A94F-823CEB5A039A}.Debug|x86.ActiveCfg = Debug|Any CPU
		{D2272FC3-EFC6-4DB4-A94F-823CEB5A039A}.Release|Any CPU.ActiveCfg = Release|Any CPU
		{D2272FC3-EFC6-4DB4-A94F-823CEB5A039A}.Release|Any CPU.Build.0 = Release|Any CPU
		{D2272FC3-EFC6-4DB4-A94F-823CEB5A039A}.Release|ARM.ActiveCfg = Release|Any CPU
		{D2272FC3-EFC6-4DB4-A94F-823CEB5A039A}.Release|Mixed Platforms.ActiveCfg = Release|Any CPU
		{D2272FC3-EFC6-4DB4-A94F-823CEB5A039A}.Release|Mixed Platforms.Build.0 = Release|Any CPU
		{D2272FC3-EFC6-4DB4-A94F-823CEB5A039A}.Release|x64.ActiveCfg = Release|Any CPU
		{D2272FC3-EFC6-4DB4-A94F-823CEB5A039A}.Release|x86.ActiveCfg = Release|Any CPU
		{DE562221-E911-4908-B3C1-6269E1594242}.Debug|Any CPU.ActiveCfg = Debug|Any CPU
		{DE562221-E911-4908-B3C1-6269E1594242}.Debug|Any CPU.Build.0 = Debug|Any CPU
		{DE562221-E911-4908-B3C1-6269E1594242}.Debug|ARM.ActiveCfg = Debug|Any CPU
		{DE562221-E911-4908-B3C1-6269E1594242}.Debug|Mixed Platforms.ActiveCfg = Debug|Any CPU
		{DE562221-E911-4908-B3C1-6269E1594242}.Debug|Mixed Platforms.Build.0 = Debug|Any CPU
		{DE562221-E911-4908-B3C1-6269E1594242}.Debug|x64.ActiveCfg = Debug|Any CPU
		{DE562221-E911-4908-B3C1-6269E1594242}.Debug|x86.ActiveCfg = Debug|Any CPU
		{DE562221-E911-4908-B3C1-6269E1594242}.Release|Any CPU.ActiveCfg = Release|Any CPU
		{DE562221-E911-4908-B3C1-6269E1594242}.Release|Any CPU.Build.0 = Release|Any CPU
		{DE562221-E911-4908-B3C1-6269E1594242}.Release|ARM.ActiveCfg = Release|Any CPU
		{DE562221-E911-4908-B3C1-6269E1594242}.Release|Mixed Platforms.ActiveCfg = Release|Any CPU
		{DE562221-E911-4908-B3C1-6269E1594242}.Release|Mixed Platforms.Build.0 = Release|Any CPU
		{DE562221-E911-4908-B3C1-6269E1594242}.Release|x64.ActiveCfg = Release|Any CPU
		{DE562221-E911-4908-B3C1-6269E1594242}.Release|x86.ActiveCfg = Release|Any CPU
		{0D9A041C-F232-4106-A469-56AC4B5DAD98}.Debug|Any CPU.ActiveCfg = Debug|Any CPU
		{0D9A041C-F232-4106-A469-56AC4B5DAD98}.Debug|Any CPU.Build.0 = Debug|Any CPU
		{0D9A041C-F232-4106-A469-56AC4B5DAD98}.Debug|ARM.ActiveCfg = Debug|Any CPU
		{0D9A041C-F232-4106-A469-56AC4B5DAD98}.Debug|ARM.Build.0 = Debug|Any CPU
		{0D9A041C-F232-4106-A469-56AC4B5DAD98}.Debug|Mixed Platforms.ActiveCfg = Debug|Any CPU
		{0D9A041C-F232-4106-A469-56AC4B5DAD98}.Debug|Mixed Platforms.Build.0 = Debug|Any CPU
		{0D9A041C-F232-4106-A469-56AC4B5DAD98}.Debug|x64.ActiveCfg = Debug|Any CPU
		{0D9A041C-F232-4106-A469-56AC4B5DAD98}.Debug|x64.Build.0 = Debug|Any CPU
		{0D9A041C-F232-4106-A469-56AC4B5DAD98}.Debug|x86.ActiveCfg = Debug|Any CPU
		{0D9A041C-F232-4106-A469-56AC4B5DAD98}.Debug|x86.Build.0 = Debug|Any CPU
		{0D9A041C-F232-4106-A469-56AC4B5DAD98}.Release|Any CPU.ActiveCfg = Release|Any CPU
		{0D9A041C-F232-4106-A469-56AC4B5DAD98}.Release|Any CPU.Build.0 = Release|Any CPU
		{0D9A041C-F232-4106-A469-56AC4B5DAD98}.Release|ARM.ActiveCfg = Release|Any CPU
		{0D9A041C-F232-4106-A469-56AC4B5DAD98}.Release|ARM.Build.0 = Release|Any CPU
		{0D9A041C-F232-4106-A469-56AC4B5DAD98}.Release|Mixed Platforms.ActiveCfg = Release|Any CPU
		{0D9A041C-F232-4106-A469-56AC4B5DAD98}.Release|Mixed Platforms.Build.0 = Release|Any CPU
		{0D9A041C-F232-4106-A469-56AC4B5DAD98}.Release|x64.ActiveCfg = Release|Any CPU
		{0D9A041C-F232-4106-A469-56AC4B5DAD98}.Release|x64.Build.0 = Release|Any CPU
		{0D9A041C-F232-4106-A469-56AC4B5DAD98}.Release|x86.ActiveCfg = Release|Any CPU
		{0D9A041C-F232-4106-A469-56AC4B5DAD98}.Release|x86.Build.0 = Release|Any CPU
		{68D09101-3908-4C74-AFB4-0FE1EBE3BD3C}.Debug|Any CPU.ActiveCfg = Debug|Any CPU
		{68D09101-3908-4C74-AFB4-0FE1EBE3BD3C}.Debug|Any CPU.Build.0 = Debug|Any CPU
		{68D09101-3908-4C74-AFB4-0FE1EBE3BD3C}.Debug|ARM.ActiveCfg = Debug|Any CPU
		{68D09101-3908-4C74-AFB4-0FE1EBE3BD3C}.Debug|Mixed Platforms.ActiveCfg = Debug|Any CPU
		{68D09101-3908-4C74-AFB4-0FE1EBE3BD3C}.Debug|Mixed Platforms.Build.0 = Debug|Any CPU
		{68D09101-3908-4C74-AFB4-0FE1EBE3BD3C}.Debug|x64.ActiveCfg = Debug|Any CPU
		{68D09101-3908-4C74-AFB4-0FE1EBE3BD3C}.Debug|x86.ActiveCfg = Debug|Any CPU
		{68D09101-3908-4C74-AFB4-0FE1EBE3BD3C}.Release|Any CPU.ActiveCfg = Release|Any CPU
		{68D09101-3908-4C74-AFB4-0FE1EBE3BD3C}.Release|Any CPU.Build.0 = Release|Any CPU
		{68D09101-3908-4C74-AFB4-0FE1EBE3BD3C}.Release|ARM.ActiveCfg = Release|Any CPU
		{68D09101-3908-4C74-AFB4-0FE1EBE3BD3C}.Release|Mixed Platforms.ActiveCfg = Release|Any CPU
		{68D09101-3908-4C74-AFB4-0FE1EBE3BD3C}.Release|Mixed Platforms.Build.0 = Release|Any CPU
		{68D09101-3908-4C74-AFB4-0FE1EBE3BD3C}.Release|x64.ActiveCfg = Release|Any CPU
		{68D09101-3908-4C74-AFB4-0FE1EBE3BD3C}.Release|x86.ActiveCfg = Release|Any CPU
		{06189757-FBB9-4D00-8B9E-7BEBB543E66C}.Debug|Any CPU.ActiveCfg = Debug|Any CPU
		{06189757-FBB9-4D00-8B9E-7BEBB543E66C}.Debug|Any CPU.Build.0 = Debug|Any CPU
		{06189757-FBB9-4D00-8B9E-7BEBB543E66C}.Debug|ARM.ActiveCfg = Debug|Any CPU
		{06189757-FBB9-4D00-8B9E-7BEBB543E66C}.Debug|Mixed Platforms.ActiveCfg = Debug|Any CPU
		{06189757-FBB9-4D00-8B9E-7BEBB543E66C}.Debug|Mixed Platforms.Build.0 = Debug|Any CPU
		{06189757-FBB9-4D00-8B9E-7BEBB543E66C}.Debug|x64.ActiveCfg = Debug|Any CPU
		{06189757-FBB9-4D00-8B9E-7BEBB543E66C}.Debug|x86.ActiveCfg = Debug|Any CPU
		{06189757-FBB9-4D00-8B9E-7BEBB543E66C}.Release|Any CPU.ActiveCfg = Release|Any CPU
		{06189757-FBB9-4D00-8B9E-7BEBB543E66C}.Release|Any CPU.Build.0 = Release|Any CPU
		{06189757-FBB9-4D00-8B9E-7BEBB543E66C}.Release|ARM.ActiveCfg = Release|Any CPU
		{06189757-FBB9-4D00-8B9E-7BEBB543E66C}.Release|Mixed Platforms.ActiveCfg = Release|Any CPU
		{06189757-FBB9-4D00-8B9E-7BEBB543E66C}.Release|Mixed Platforms.Build.0 = Release|Any CPU
		{06189757-FBB9-4D00-8B9E-7BEBB543E66C}.Release|x64.ActiveCfg = Release|Any CPU
		{06189757-FBB9-4D00-8B9E-7BEBB543E66C}.Release|x86.ActiveCfg = Release|Any CPU
		{9F271FBB-2F69-4B12-B26F-06AB55EB5903}.Debug|Any CPU.ActiveCfg = Debug|Any CPU
		{9F271FBB-2F69-4B12-B26F-06AB55EB5903}.Debug|Any CPU.Build.0 = Debug|Any CPU
		{9F271FBB-2F69-4B12-B26F-06AB55EB5903}.Debug|ARM.ActiveCfg = Debug|Any CPU
		{9F271FBB-2F69-4B12-B26F-06AB55EB5903}.Debug|ARM.Build.0 = Debug|Any CPU
		{9F271FBB-2F69-4B12-B26F-06AB55EB5903}.Debug|Mixed Platforms.ActiveCfg = Debug|Any CPU
		{9F271FBB-2F69-4B12-B26F-06AB55EB5903}.Debug|Mixed Platforms.Build.0 = Debug|Any CPU
		{9F271FBB-2F69-4B12-B26F-06AB55EB5903}.Debug|x64.ActiveCfg = Debug|Any CPU
		{9F271FBB-2F69-4B12-B26F-06AB55EB5903}.Debug|x64.Build.0 = Debug|Any CPU
		{9F271FBB-2F69-4B12-B26F-06AB55EB5903}.Debug|x86.ActiveCfg = Debug|Any CPU
		{9F271FBB-2F69-4B12-B26F-06AB55EB5903}.Debug|x86.Build.0 = Debug|Any CPU
		{9F271FBB-2F69-4B12-B26F-06AB55EB5903}.Release|Any CPU.ActiveCfg = Release|Any CPU
		{9F271FBB-2F69-4B12-B26F-06AB55EB5903}.Release|Any CPU.Build.0 = Release|Any CPU
		{9F271FBB-2F69-4B12-B26F-06AB55EB5903}.Release|ARM.ActiveCfg = Release|Any CPU
		{9F271FBB-2F69-4B12-B26F-06AB55EB5903}.Release|ARM.Build.0 = Release|Any CPU
		{9F271FBB-2F69-4B12-B26F-06AB55EB5903}.Release|Mixed Platforms.ActiveCfg = Release|Any CPU
		{9F271FBB-2F69-4B12-B26F-06AB55EB5903}.Release|Mixed Platforms.Build.0 = Release|Any CPU
		{9F271FBB-2F69-4B12-B26F-06AB55EB5903}.Release|x64.ActiveCfg = Release|Any CPU
		{9F271FBB-2F69-4B12-B26F-06AB55EB5903}.Release|x64.Build.0 = Release|Any CPU
		{9F271FBB-2F69-4B12-B26F-06AB55EB5903}.Release|x86.ActiveCfg = Release|Any CPU
		{9F271FBB-2F69-4B12-B26F-06AB55EB5903}.Release|x86.Build.0 = Release|Any CPU
		{B2199345-BD40-4B6E-A003-3885DDC9106B}.Debug|Any CPU.ActiveCfg = Debug|Any CPU
		{B2199345-BD40-4B6E-A003-3885DDC9106B}.Debug|Any CPU.Build.0 = Debug|Any CPU
		{B2199345-BD40-4B6E-A003-3885DDC9106B}.Debug|ARM.ActiveCfg = Debug|ARM
		{B2199345-BD40-4B6E-A003-3885DDC9106B}.Debug|ARM.Build.0 = Debug|ARM
		{B2199345-BD40-4B6E-A003-3885DDC9106B}.Debug|Mixed Platforms.ActiveCfg = Debug|Any CPU
		{B2199345-BD40-4B6E-A003-3885DDC9106B}.Debug|Mixed Platforms.Build.0 = Debug|Any CPU
		{B2199345-BD40-4B6E-A003-3885DDC9106B}.Debug|x64.ActiveCfg = Debug|x64
		{B2199345-BD40-4B6E-A003-3885DDC9106B}.Debug|x64.Build.0 = Debug|x64
		{B2199345-BD40-4B6E-A003-3885DDC9106B}.Debug|x86.ActiveCfg = Debug|x86
		{B2199345-BD40-4B6E-A003-3885DDC9106B}.Debug|x86.Build.0 = Debug|x86
		{B2199345-BD40-4B6E-A003-3885DDC9106B}.Release|Any CPU.ActiveCfg = Release|Any CPU
		{B2199345-BD40-4B6E-A003-3885DDC9106B}.Release|Any CPU.Build.0 = Release|Any CPU
		{B2199345-BD40-4B6E-A003-3885DDC9106B}.Release|ARM.ActiveCfg = Release|ARM
		{B2199345-BD40-4B6E-A003-3885DDC9106B}.Release|Mixed Platforms.ActiveCfg = Release|Any CPU
		{B2199345-BD40-4B6E-A003-3885DDC9106B}.Release|Mixed Platforms.Build.0 = Release|Any CPU
		{B2199345-BD40-4B6E-A003-3885DDC9106B}.Release|x64.ActiveCfg = Release|x64
		{B2199345-BD40-4B6E-A003-3885DDC9106B}.Release|x86.ActiveCfg = Release|x86
		{480F0ECD-13E4-453C-8719-750E5A1F1929}.Debug|Any CPU.ActiveCfg = Debug|Any CPU
		{480F0ECD-13E4-453C-8719-750E5A1F1929}.Debug|Any CPU.Build.0 = Debug|Any CPU
		{480F0ECD-13E4-453C-8719-750E5A1F1929}.Debug|ARM.ActiveCfg = Debug|Any CPU
		{480F0ECD-13E4-453C-8719-750E5A1F1929}.Debug|Mixed Platforms.ActiveCfg = Debug|Any CPU
		{480F0ECD-13E4-453C-8719-750E5A1F1929}.Debug|Mixed Platforms.Build.0 = Debug|Any CPU
		{480F0ECD-13E4-453C-8719-750E5A1F1929}.Debug|x64.ActiveCfg = Debug|Any CPU
		{480F0ECD-13E4-453C-8719-750E5A1F1929}.Debug|x86.ActiveCfg = Debug|Any CPU
		{480F0ECD-13E4-453C-8719-750E5A1F1929}.Release|Any CPU.ActiveCfg = Release|Any CPU
		{480F0ECD-13E4-453C-8719-750E5A1F1929}.Release|Any CPU.Build.0 = Release|Any CPU
		{480F0ECD-13E4-453C-8719-750E5A1F1929}.Release|ARM.ActiveCfg = Release|Any CPU
		{480F0ECD-13E4-453C-8719-750E5A1F1929}.Release|Mixed Platforms.ActiveCfg = Release|Any CPU
		{480F0ECD-13E4-453C-8719-750E5A1F1929}.Release|Mixed Platforms.Build.0 = Release|Any CPU
		{480F0ECD-13E4-453C-8719-750E5A1F1929}.Release|x64.ActiveCfg = Release|Any CPU
		{480F0ECD-13E4-453C-8719-750E5A1F1929}.Release|x86.ActiveCfg = Release|Any CPU
		{267A47BA-E5E2-489F-B1D7-B0D663AF316B}.Debug|Any CPU.ActiveCfg = Debug|Any CPU
		{267A47BA-E5E2-489F-B1D7-B0D663AF316B}.Debug|Any CPU.Build.0 = Debug|Any CPU
		{267A47BA-E5E2-489F-B1D7-B0D663AF316B}.Debug|ARM.ActiveCfg = Debug|Any CPU
		{267A47BA-E5E2-489F-B1D7-B0D663AF316B}.Debug|Mixed Platforms.ActiveCfg = Debug|Any CPU
		{267A47BA-E5E2-489F-B1D7-B0D663AF316B}.Debug|Mixed Platforms.Build.0 = Debug|Any CPU
		{267A47BA-E5E2-489F-B1D7-B0D663AF316B}.Debug|x64.ActiveCfg = Debug|Any CPU
		{267A47BA-E5E2-489F-B1D7-B0D663AF316B}.Debug|x86.ActiveCfg = Debug|Any CPU
		{267A47BA-E5E2-489F-B1D7-B0D663AF316B}.Release|Any CPU.ActiveCfg = Release|Any CPU
		{267A47BA-E5E2-489F-B1D7-B0D663AF316B}.Release|Any CPU.Build.0 = Release|Any CPU
		{267A47BA-E5E2-489F-B1D7-B0D663AF316B}.Release|ARM.ActiveCfg = Release|Any CPU
		{267A47BA-E5E2-489F-B1D7-B0D663AF316B}.Release|Mixed Platforms.ActiveCfg = Release|Any CPU
		{267A47BA-E5E2-489F-B1D7-B0D663AF316B}.Release|Mixed Platforms.Build.0 = Release|Any CPU
		{267A47BA-E5E2-489F-B1D7-B0D663AF316B}.Release|x64.ActiveCfg = Release|Any CPU
		{267A47BA-E5E2-489F-B1D7-B0D663AF316B}.Release|x86.ActiveCfg = Release|Any CPU
		{0C7D0FCF-27FE-42EC-8D6D-0A4FCE69EA51}.Debug|Any CPU.ActiveCfg = Debug|Any CPU
		{0C7D0FCF-27FE-42EC-8D6D-0A4FCE69EA51}.Debug|Any CPU.Build.0 = Debug|Any CPU
		{0C7D0FCF-27FE-42EC-8D6D-0A4FCE69EA51}.Debug|ARM.ActiveCfg = Debug|Any CPU
		{0C7D0FCF-27FE-42EC-8D6D-0A4FCE69EA51}.Debug|ARM.Build.0 = Debug|Any CPU
		{0C7D0FCF-27FE-42EC-8D6D-0A4FCE69EA51}.Debug|Mixed Platforms.ActiveCfg = Debug|Any CPU
		{0C7D0FCF-27FE-42EC-8D6D-0A4FCE69EA51}.Debug|Mixed Platforms.Build.0 = Debug|Any CPU
		{0C7D0FCF-27FE-42EC-8D6D-0A4FCE69EA51}.Debug|x64.ActiveCfg = Debug|Any CPU
		{0C7D0FCF-27FE-42EC-8D6D-0A4FCE69EA51}.Debug|x64.Build.0 = Debug|Any CPU
		{0C7D0FCF-27FE-42EC-8D6D-0A4FCE69EA51}.Debug|x86.ActiveCfg = Debug|Any CPU
		{0C7D0FCF-27FE-42EC-8D6D-0A4FCE69EA51}.Debug|x86.Build.0 = Debug|Any CPU
		{0C7D0FCF-27FE-42EC-8D6D-0A4FCE69EA51}.Release|Any CPU.ActiveCfg = Release|Any CPU
		{0C7D0FCF-27FE-42EC-8D6D-0A4FCE69EA51}.Release|Any CPU.Build.0 = Release|Any CPU
		{0C7D0FCF-27FE-42EC-8D6D-0A4FCE69EA51}.Release|ARM.ActiveCfg = Release|Any CPU
		{0C7D0FCF-27FE-42EC-8D6D-0A4FCE69EA51}.Release|ARM.Build.0 = Release|Any CPU
		{0C7D0FCF-27FE-42EC-8D6D-0A4FCE69EA51}.Release|Mixed Platforms.ActiveCfg = Release|Any CPU
		{0C7D0FCF-27FE-42EC-8D6D-0A4FCE69EA51}.Release|Mixed Platforms.Build.0 = Release|Any CPU
		{0C7D0FCF-27FE-42EC-8D6D-0A4FCE69EA51}.Release|x64.ActiveCfg = Release|Any CPU
		{0C7D0FCF-27FE-42EC-8D6D-0A4FCE69EA51}.Release|x64.Build.0 = Release|Any CPU
		{0C7D0FCF-27FE-42EC-8D6D-0A4FCE69EA51}.Release|x86.ActiveCfg = Release|Any CPU
		{0C7D0FCF-27FE-42EC-8D6D-0A4FCE69EA51}.Release|x86.Build.0 = Release|Any CPU
		{37F3CEB1-D604-4E55-90F6-7FFDB85A9940}.Debug|Any CPU.ActiveCfg = Debug|Any CPU
		{37F3CEB1-D604-4E55-90F6-7FFDB85A9940}.Debug|Any CPU.Build.0 = Debug|Any CPU
		{37F3CEB1-D604-4E55-90F6-7FFDB85A9940}.Debug|ARM.ActiveCfg = Debug|Any CPU
		{37F3CEB1-D604-4E55-90F6-7FFDB85A9940}.Debug|Mixed Platforms.ActiveCfg = Debug|Any CPU
		{37F3CEB1-D604-4E55-90F6-7FFDB85A9940}.Debug|Mixed Platforms.Build.0 = Debug|Any CPU
		{37F3CEB1-D604-4E55-90F6-7FFDB85A9940}.Debug|x64.ActiveCfg = Debug|Any CPU
		{37F3CEB1-D604-4E55-90F6-7FFDB85A9940}.Debug|x86.ActiveCfg = Debug|Any CPU
		{37F3CEB1-D604-4E55-90F6-7FFDB85A9940}.Release|Any CPU.ActiveCfg = Release|Any CPU
		{37F3CEB1-D604-4E55-90F6-7FFDB85A9940}.Release|Any CPU.Build.0 = Release|Any CPU
		{37F3CEB1-D604-4E55-90F6-7FFDB85A9940}.Release|ARM.ActiveCfg = Release|Any CPU
		{37F3CEB1-D604-4E55-90F6-7FFDB85A9940}.Release|Mixed Platforms.ActiveCfg = Release|Any CPU
		{37F3CEB1-D604-4E55-90F6-7FFDB85A9940}.Release|Mixed Platforms.Build.0 = Release|Any CPU
		{37F3CEB1-D604-4E55-90F6-7FFDB85A9940}.Release|x64.ActiveCfg = Release|Any CPU
		{37F3CEB1-D604-4E55-90F6-7FFDB85A9940}.Release|x86.ActiveCfg = Release|Any CPU
		{A2D36728-10A2-4FEE-B23D-A41D6034510D}.Debug|Any CPU.ActiveCfg = Debug|Any CPU
		{A2D36728-10A2-4FEE-B23D-A41D6034510D}.Debug|Any CPU.Build.0 = Debug|Any CPU
		{A2D36728-10A2-4FEE-B23D-A41D6034510D}.Debug|ARM.ActiveCfg = Debug|Any CPU
		{A2D36728-10A2-4FEE-B23D-A41D6034510D}.Debug|Mixed Platforms.ActiveCfg = Debug|Any CPU
		{A2D36728-10A2-4FEE-B23D-A41D6034510D}.Debug|Mixed Platforms.Build.0 = Debug|Any CPU
		{A2D36728-10A2-4FEE-B23D-A41D6034510D}.Debug|x64.ActiveCfg = Debug|Any CPU
		{A2D36728-10A2-4FEE-B23D-A41D6034510D}.Debug|x86.ActiveCfg = Debug|Any CPU
		{A2D36728-10A2-4FEE-B23D-A41D6034510D}.Release|Any CPU.ActiveCfg = Release|Any CPU
		{A2D36728-10A2-4FEE-B23D-A41D6034510D}.Release|Any CPU.Build.0 = Release|Any CPU
		{A2D36728-10A2-4FEE-B23D-A41D6034510D}.Release|ARM.ActiveCfg = Release|Any CPU
		{A2D36728-10A2-4FEE-B23D-A41D6034510D}.Release|Mixed Platforms.ActiveCfg = Release|Any CPU
		{A2D36728-10A2-4FEE-B23D-A41D6034510D}.Release|Mixed Platforms.Build.0 = Release|Any CPU
		{A2D36728-10A2-4FEE-B23D-A41D6034510D}.Release|x64.ActiveCfg = Release|Any CPU
		{A2D36728-10A2-4FEE-B23D-A41D6034510D}.Release|x86.ActiveCfg = Release|Any CPU
		{3E6AD8F6-2856-4EA6-A133-462EA3B1A8AA}.Debug|Any CPU.ActiveCfg = Debug|Any CPU
		{3E6AD8F6-2856-4EA6-A133-462EA3B1A8AA}.Debug|Any CPU.Build.0 = Debug|Any CPU
		{3E6AD8F6-2856-4EA6-A133-462EA3B1A8AA}.Debug|ARM.ActiveCfg = Debug|Any CPU
		{3E6AD8F6-2856-4EA6-A133-462EA3B1A8AA}.Debug|ARM.Build.0 = Debug|Any CPU
		{3E6AD8F6-2856-4EA6-A133-462EA3B1A8AA}.Debug|Mixed Platforms.ActiveCfg = Debug|Any CPU
		{3E6AD8F6-2856-4EA6-A133-462EA3B1A8AA}.Debug|Mixed Platforms.Build.0 = Debug|Any CPU
		{3E6AD8F6-2856-4EA6-A133-462EA3B1A8AA}.Debug|x64.ActiveCfg = Debug|Any CPU
		{3E6AD8F6-2856-4EA6-A133-462EA3B1A8AA}.Debug|x64.Build.0 = Debug|Any CPU
		{3E6AD8F6-2856-4EA6-A133-462EA3B1A8AA}.Debug|x86.ActiveCfg = Debug|Any CPU
		{3E6AD8F6-2856-4EA6-A133-462EA3B1A8AA}.Debug|x86.Build.0 = Debug|Any CPU
		{3E6AD8F6-2856-4EA6-A133-462EA3B1A8AA}.Release|Any CPU.ActiveCfg = Release|Any CPU
		{3E6AD8F6-2856-4EA6-A133-462EA3B1A8AA}.Release|Any CPU.Build.0 = Release|Any CPU
		{3E6AD8F6-2856-4EA6-A133-462EA3B1A8AA}.Release|ARM.ActiveCfg = Release|Any CPU
		{3E6AD8F6-2856-4EA6-A133-462EA3B1A8AA}.Release|ARM.Build.0 = Release|Any CPU
		{3E6AD8F6-2856-4EA6-A133-462EA3B1A8AA}.Release|Mixed Platforms.ActiveCfg = Release|Any CPU
		{3E6AD8F6-2856-4EA6-A133-462EA3B1A8AA}.Release|Mixed Platforms.Build.0 = Release|Any CPU
		{3E6AD8F6-2856-4EA6-A133-462EA3B1A8AA}.Release|x64.ActiveCfg = Release|Any CPU
		{3E6AD8F6-2856-4EA6-A133-462EA3B1A8AA}.Release|x64.Build.0 = Release|Any CPU
		{3E6AD8F6-2856-4EA6-A133-462EA3B1A8AA}.Release|x86.ActiveCfg = Release|Any CPU
		{3E6AD8F6-2856-4EA6-A133-462EA3B1A8AA}.Release|x86.Build.0 = Release|Any CPU
		{6381085E-3F99-46F5-8383-9063A26B280A}.Debug|Any CPU.ActiveCfg = Debug|Any CPU
		{6381085E-3F99-46F5-8383-9063A26B280A}.Debug|Any CPU.Build.0 = Debug|Any CPU
		{6381085E-3F99-46F5-8383-9063A26B280A}.Debug|ARM.ActiveCfg = Debug|Any CPU
		{6381085E-3F99-46F5-8383-9063A26B280A}.Debug|Mixed Platforms.ActiveCfg = Debug|Any CPU
		{6381085E-3F99-46F5-8383-9063A26B280A}.Debug|Mixed Platforms.Build.0 = Debug|Any CPU
		{6381085E-3F99-46F5-8383-9063A26B280A}.Debug|x64.ActiveCfg = Debug|Any CPU
		{6381085E-3F99-46F5-8383-9063A26B280A}.Debug|x86.ActiveCfg = Debug|Any CPU
		{6381085E-3F99-46F5-8383-9063A26B280A}.Release|Any CPU.ActiveCfg = Release|Any CPU
		{6381085E-3F99-46F5-8383-9063A26B280A}.Release|Any CPU.Build.0 = Release|Any CPU
		{6381085E-3F99-46F5-8383-9063A26B280A}.Release|ARM.ActiveCfg = Release|Any CPU
		{6381085E-3F99-46F5-8383-9063A26B280A}.Release|Mixed Platforms.ActiveCfg = Release|Any CPU
		{6381085E-3F99-46F5-8383-9063A26B280A}.Release|Mixed Platforms.Build.0 = Release|Any CPU
		{6381085E-3F99-46F5-8383-9063A26B280A}.Release|x64.ActiveCfg = Release|Any CPU
		{6381085E-3F99-46F5-8383-9063A26B280A}.Release|x86.ActiveCfg = Release|Any CPU
		{0E0AA042-151E-4D59-A26D-4D262660E491}.Debug|Any CPU.ActiveCfg = Debug|Any CPU
		{0E0AA042-151E-4D59-A26D-4D262660E491}.Debug|Any CPU.Build.0 = Debug|Any CPU
		{0E0AA042-151E-4D59-A26D-4D262660E491}.Debug|ARM.ActiveCfg = Debug|Any CPU
		{0E0AA042-151E-4D59-A26D-4D262660E491}.Debug|Mixed Platforms.ActiveCfg = Debug|Any CPU
		{0E0AA042-151E-4D59-A26D-4D262660E491}.Debug|Mixed Platforms.Build.0 = Debug|Any CPU
		{0E0AA042-151E-4D59-A26D-4D262660E491}.Debug|x64.ActiveCfg = Debug|Any CPU
		{0E0AA042-151E-4D59-A26D-4D262660E491}.Debug|x86.ActiveCfg = Debug|Any CPU
		{0E0AA042-151E-4D59-A26D-4D262660E491}.Release|Any CPU.ActiveCfg = Release|Any CPU
		{0E0AA042-151E-4D59-A26D-4D262660E491}.Release|Any CPU.Build.0 = Release|Any CPU
		{0E0AA042-151E-4D59-A26D-4D262660E491}.Release|ARM.ActiveCfg = Release|Any CPU
		{0E0AA042-151E-4D59-A26D-4D262660E491}.Release|Mixed Platforms.ActiveCfg = Release|Any CPU
		{0E0AA042-151E-4D59-A26D-4D262660E491}.Release|Mixed Platforms.Build.0 = Release|Any CPU
		{0E0AA042-151E-4D59-A26D-4D262660E491}.Release|x64.ActiveCfg = Release|Any CPU
		{0E0AA042-151E-4D59-A26D-4D262660E491}.Release|x86.ActiveCfg = Release|Any CPU
		{7CE75DC9-2856-4403-BB6C-26046E0AB0A8}.Debug|Any CPU.ActiveCfg = Debug|Any CPU
		{7CE75DC9-2856-4403-BB6C-26046E0AB0A8}.Debug|Any CPU.Build.0 = Debug|Any CPU
		{7CE75DC9-2856-4403-BB6C-26046E0AB0A8}.Debug|ARM.ActiveCfg = Debug|Any CPU
		{7CE75DC9-2856-4403-BB6C-26046E0AB0A8}.Debug|ARM.Build.0 = Debug|Any CPU
		{7CE75DC9-2856-4403-BB6C-26046E0AB0A8}.Debug|Mixed Platforms.ActiveCfg = Debug|Any CPU
		{7CE75DC9-2856-4403-BB6C-26046E0AB0A8}.Debug|Mixed Platforms.Build.0 = Debug|Any CPU
		{7CE75DC9-2856-4403-BB6C-26046E0AB0A8}.Debug|x64.ActiveCfg = Debug|Any CPU
		{7CE75DC9-2856-4403-BB6C-26046E0AB0A8}.Debug|x64.Build.0 = Debug|Any CPU
		{7CE75DC9-2856-4403-BB6C-26046E0AB0A8}.Debug|x86.ActiveCfg = Debug|Any CPU
		{7CE75DC9-2856-4403-BB6C-26046E0AB0A8}.Debug|x86.Build.0 = Debug|Any CPU
		{7CE75DC9-2856-4403-BB6C-26046E0AB0A8}.Release|Any CPU.ActiveCfg = Release|Any CPU
		{7CE75DC9-2856-4403-BB6C-26046E0AB0A8}.Release|Any CPU.Build.0 = Release|Any CPU
		{7CE75DC9-2856-4403-BB6C-26046E0AB0A8}.Release|ARM.ActiveCfg = Release|Any CPU
		{7CE75DC9-2856-4403-BB6C-26046E0AB0A8}.Release|ARM.Build.0 = Release|Any CPU
		{7CE75DC9-2856-4403-BB6C-26046E0AB0A8}.Release|Mixed Platforms.ActiveCfg = Release|Any CPU
		{7CE75DC9-2856-4403-BB6C-26046E0AB0A8}.Release|Mixed Platforms.Build.0 = Release|Any CPU
		{7CE75DC9-2856-4403-BB6C-26046E0AB0A8}.Release|x64.ActiveCfg = Release|Any CPU
		{7CE75DC9-2856-4403-BB6C-26046E0AB0A8}.Release|x64.Build.0 = Release|Any CPU
		{7CE75DC9-2856-4403-BB6C-26046E0AB0A8}.Release|x86.ActiveCfg = Release|Any CPU
		{7CE75DC9-2856-4403-BB6C-26046E0AB0A8}.Release|x86.Build.0 = Release|Any CPU
		{A42A5BD9-493E-4481-9F13-5DDC860D23BA}.Debug|Any CPU.ActiveCfg = Debug|Any CPU
		{A42A5BD9-493E-4481-9F13-5DDC860D23BA}.Debug|Any CPU.Build.0 = Debug|Any CPU
		{A42A5BD9-493E-4481-9F13-5DDC860D23BA}.Debug|ARM.ActiveCfg = Debug|Any CPU
		{A42A5BD9-493E-4481-9F13-5DDC860D23BA}.Debug|Mixed Platforms.ActiveCfg = Debug|Any CPU
		{A42A5BD9-493E-4481-9F13-5DDC860D23BA}.Debug|Mixed Platforms.Build.0 = Debug|Any CPU
		{A42A5BD9-493E-4481-9F13-5DDC860D23BA}.Debug|x64.ActiveCfg = Debug|Any CPU
		{A42A5BD9-493E-4481-9F13-5DDC860D23BA}.Debug|x86.ActiveCfg = Debug|Any CPU
		{A42A5BD9-493E-4481-9F13-5DDC860D23BA}.Release|Any CPU.ActiveCfg = Release|Any CPU
		{A42A5BD9-493E-4481-9F13-5DDC860D23BA}.Release|Any CPU.Build.0 = Release|Any CPU
		{A42A5BD9-493E-4481-9F13-5DDC860D23BA}.Release|ARM.ActiveCfg = Release|Any CPU
		{A42A5BD9-493E-4481-9F13-5DDC860D23BA}.Release|Mixed Platforms.ActiveCfg = Release|Any CPU
		{A42A5BD9-493E-4481-9F13-5DDC860D23BA}.Release|Mixed Platforms.Build.0 = Release|Any CPU
		{A42A5BD9-493E-4481-9F13-5DDC860D23BA}.Release|x64.ActiveCfg = Release|Any CPU
		{A42A5BD9-493E-4481-9F13-5DDC860D23BA}.Release|x86.ActiveCfg = Release|Any CPU
		{2F6EDEC3-C611-4829-AA0D-B610319086AB}.Debug|Any CPU.ActiveCfg = Debug|Any CPU
		{2F6EDEC3-C611-4829-AA0D-B610319086AB}.Debug|Any CPU.Build.0 = Debug|Any CPU
		{2F6EDEC3-C611-4829-AA0D-B610319086AB}.Debug|ARM.ActiveCfg = Debug|Any CPU
		{2F6EDEC3-C611-4829-AA0D-B610319086AB}.Debug|Mixed Platforms.ActiveCfg = Debug|Any CPU
		{2F6EDEC3-C611-4829-AA0D-B610319086AB}.Debug|Mixed Platforms.Build.0 = Debug|Any CPU
		{2F6EDEC3-C611-4829-AA0D-B610319086AB}.Debug|x64.ActiveCfg = Debug|Any CPU
		{2F6EDEC3-C611-4829-AA0D-B610319086AB}.Debug|x86.ActiveCfg = Debug|Any CPU
		{2F6EDEC3-C611-4829-AA0D-B610319086AB}.Release|Any CPU.ActiveCfg = Release|Any CPU
		{2F6EDEC3-C611-4829-AA0D-B610319086AB}.Release|Any CPU.Build.0 = Release|Any CPU
		{2F6EDEC3-C611-4829-AA0D-B610319086AB}.Release|ARM.ActiveCfg = Release|Any CPU
		{2F6EDEC3-C611-4829-AA0D-B610319086AB}.Release|Mixed Platforms.ActiveCfg = Release|Any CPU
		{2F6EDEC3-C611-4829-AA0D-B610319086AB}.Release|Mixed Platforms.Build.0 = Release|Any CPU
		{2F6EDEC3-C611-4829-AA0D-B610319086AB}.Release|x64.ActiveCfg = Release|Any CPU
		{2F6EDEC3-C611-4829-AA0D-B610319086AB}.Release|x86.ActiveCfg = Release|Any CPU
		{765917B5-0CC4-46DB-A9D3-99053F9E7BCB}.Debug|Any CPU.ActiveCfg = Debug|Any CPU
		{765917B5-0CC4-46DB-A9D3-99053F9E7BCB}.Debug|Any CPU.Build.0 = Debug|Any CPU
		{765917B5-0CC4-46DB-A9D3-99053F9E7BCB}.Debug|ARM.ActiveCfg = Debug|Any CPU
		{765917B5-0CC4-46DB-A9D3-99053F9E7BCB}.Debug|ARM.Build.0 = Debug|Any CPU
		{765917B5-0CC4-46DB-A9D3-99053F9E7BCB}.Debug|Mixed Platforms.ActiveCfg = Debug|Any CPU
		{765917B5-0CC4-46DB-A9D3-99053F9E7BCB}.Debug|Mixed Platforms.Build.0 = Debug|Any CPU
		{765917B5-0CC4-46DB-A9D3-99053F9E7BCB}.Debug|x64.ActiveCfg = Debug|Any CPU
		{765917B5-0CC4-46DB-A9D3-99053F9E7BCB}.Debug|x64.Build.0 = Debug|Any CPU
		{765917B5-0CC4-46DB-A9D3-99053F9E7BCB}.Debug|x86.ActiveCfg = Debug|Any CPU
		{765917B5-0CC4-46DB-A9D3-99053F9E7BCB}.Debug|x86.Build.0 = Debug|Any CPU
		{765917B5-0CC4-46DB-A9D3-99053F9E7BCB}.Release|Any CPU.ActiveCfg = Release|Any CPU
		{765917B5-0CC4-46DB-A9D3-99053F9E7BCB}.Release|Any CPU.Build.0 = Release|Any CPU
		{765917B5-0CC4-46DB-A9D3-99053F9E7BCB}.Release|ARM.ActiveCfg = Release|Any CPU
		{765917B5-0CC4-46DB-A9D3-99053F9E7BCB}.Release|ARM.Build.0 = Release|Any CPU
		{765917B5-0CC4-46DB-A9D3-99053F9E7BCB}.Release|Mixed Platforms.ActiveCfg = Release|Any CPU
		{765917B5-0CC4-46DB-A9D3-99053F9E7BCB}.Release|Mixed Platforms.Build.0 = Release|Any CPU
		{765917B5-0CC4-46DB-A9D3-99053F9E7BCB}.Release|x64.ActiveCfg = Release|Any CPU
		{765917B5-0CC4-46DB-A9D3-99053F9E7BCB}.Release|x64.Build.0 = Release|Any CPU
		{765917B5-0CC4-46DB-A9D3-99053F9E7BCB}.Release|x86.ActiveCfg = Release|Any CPU
		{765917B5-0CC4-46DB-A9D3-99053F9E7BCB}.Release|x86.Build.0 = Release|Any CPU
	EndGlobalSection
	GlobalSection(SolutionProperties) = preSolution
		HideSolutionNode = FALSE
	EndGlobalSection
	GlobalSection(TestCaseManagementSettings) = postSolution
		CategoryFile = CslaContrib.vsmdi
	EndGlobalSection
EndGlobal
