
Microsoft Visual Studio Solution File, Format Version 11.00
# Visual Studio 2010
Project("{2150E333-8FDC-42A3-9474-1A3956D46DE8}") = "Solution Items", "Solution Items", "{D382D568-C08E-45BF-9081-EDFC09559446}"
	ProjectSection(SolutionItems) = preProject
		Readme-WebGUI.txt = Readme-WebGUI.txt
		Readme.Net4.txt = Readme.Net4.txt
	EndProjectSection
EndProject
Project("{FAE04EC0-301F-11D3-BF4B-00C04F79EFBC}") = "ActionExtenderSample.Net4", "ActionExtenderSample.Net4\ActionExtenderSample.Net4.csproj", "{C121E3EB-1BC0-491B-AAC7-D50CEDCD46CE}"
EndProject
Global
	GlobalSection(SolutionConfigurationPlatforms) = preSolution
		Debug|Any CPU = Debug|Any CPU
		Release|Any CPU = Release|Any CPU
	EndGlobalSection
	GlobalSection(ProjectConfigurationPlatforms) = postSolution
		{C121E3EB-1BC0-491B-AAC7-D50CEDCD46CE}.Debug|Any CPU.ActiveCfg = Debug|Any CPU
		{C121E3EB-1BC0-491B-AAC7-D50CEDCD46CE}.Debug|Any CPU.Build.0 = Debug|Any CPU
		{C121E3EB-1BC0-491B-AAC7-D50CEDCD46CE}.Release|Any CPU.ActiveCfg = Release|Any CPU
		{C121E3EB-1BC0-491B-AAC7-D50CEDCD46CE}.Release|Any CPU.Build.0 = Release|Any CPU
	EndGlobalSection
	GlobalSection(SolutionProperties) = preSolution
		HideSolutionNode = FALSE
	EndGlobalSection
EndGlobal
