
Microsoft Visual Studio Solution File, Format Version 12.00
# Visual Studio 14
VisualStudioVersion = 14.0.24720.0
MinimumVisualStudioVersion = 10.0.40219.1
Project("{FAE04EC0-301F-11D3-BF4B-00C04F79EFBC}") = "MEFFactory.UI", "MEFSample.UI\MEFFactory.UI.csproj", "{A46A49E3-655D-40D3-89A8-3EAC81E7D54E}"
EndProject
Project("{FAE04EC0-301F-11D3-BF4B-00C04F79EFBC}") = "MEFSample.Factory.Business", "MEFSample.Business\MEFSample.Factory.Business.csproj", "{AE8E6F84-2F8F-4F9D-8D93-40B6C9FAE18B}"
EndProject
Project("{FAE04EC0-301F-11D3-BF4B-00C04F79EFBC}") = "MEFSample.ObjectFactoryDAL", "MEFSample.ObjectFactory.DAL\MEFSample.ObjectFactoryDAL.csproj", "{D50E948D-522B-443F-9866-B56C6411D1E3}"
EndProject
Project("{2150E333-8FDC-42A3-9474-1A3956D46DE8}") = "Solution Items", "Solution Items", "{FF110F4D-F8DC-4DBF-A3BB-91B06396171B}"
	ProjectSection(SolutionItems) = preProject
		..\Readme.txt = ..\Readme.txt
	EndProjectSection
EndProject
Project("{2150E333-8FDC-42A3-9474-1A3956D46DE8}") = "Framework projects", "Framework projects", "{38848BBA-8A19-40BD-984B-F6A95C7DF611}"
EndProject
Project("{FAE04EC0-301F-11D3-BF4B-00C04F79EFBC}") = "CslaContrib.MEF", "..\..\..\Source\CslaContrib.MEF\CslaContrib.MEF.csproj", "{06189757-FBB9-4D00-8B9E-7BEBB543E66C}"
EndProject
Project("{FAE04EC0-301F-11D3-BF4B-00C04F79EFBC}") = "CslaContrib.Windows", "..\..\..\Source\CslaContrib.Windows\CslaContrib.Windows.csproj", "{0E0AA042-151E-4D59-A26D-4D262660E491}"
EndProject
Project("{FAE04EC0-301F-11D3-BF4B-00C04F79EFBC}") = "CslaContrib", "..\..\..\Source\CslaContrib\CslaContrib.csproj", "{267A47BA-E5E2-489F-B1D7-B0D663AF316B}"
EndProject
Global
	GlobalSection(SolutionConfigurationPlatforms) = preSolution
		Debug|Any CPU = Debug|Any CPU
		Debug|Mixed Platforms = Debug|Mixed Platforms
		Debug|x86 = Debug|x86
		Release|Any CPU = Release|Any CPU
		Release|Mixed Platforms = Release|Mixed Platforms
		Release|x86 = Release|x86
	EndGlobalSection
	GlobalSection(ProjectConfigurationPlatforms) = postSolution
		{A46A49E3-655D-40D3-89A8-3EAC81E7D54E}.Debug|Any CPU.ActiveCfg = Debug|x86
		{A46A49E3-655D-40D3-89A8-3EAC81E7D54E}.Debug|Mixed Platforms.ActiveCfg = Debug|x86
		{A46A49E3-655D-40D3-89A8-3EAC81E7D54E}.Debug|Mixed Platforms.Build.0 = Debug|x86
		{A46A49E3-655D-40D3-89A8-3EAC81E7D54E}.Debug|x86.ActiveCfg = Debug|x86
		{A46A49E3-655D-40D3-89A8-3EAC81E7D54E}.Debug|x86.Build.0 = Debug|x86
		{A46A49E3-655D-40D3-89A8-3EAC81E7D54E}.Release|Any CPU.ActiveCfg = Release|x86
		{A46A49E3-655D-40D3-89A8-3EAC81E7D54E}.Release|Mixed Platforms.ActiveCfg = Release|x86
		{A46A49E3-655D-40D3-89A8-3EAC81E7D54E}.Release|Mixed Platforms.Build.0 = Release|x86
		{A46A49E3-655D-40D3-89A8-3EAC81E7D54E}.Release|x86.ActiveCfg = Release|x86
		{A46A49E3-655D-40D3-89A8-3EAC81E7D54E}.Release|x86.Build.0 = Release|x86
		{AE8E6F84-2F8F-4F9D-8D93-40B6C9FAE18B}.Debug|Any CPU.ActiveCfg = Debug|Any CPU
		{AE8E6F84-2F8F-4F9D-8D93-40B6C9FAE18B}.Debug|Any CPU.Build.0 = Debug|Any CPU
		{AE8E6F84-2F8F-4F9D-8D93-40B6C9FAE18B}.Debug|Mixed Platforms.ActiveCfg = Debug|Any CPU
		{AE8E6F84-2F8F-4F9D-8D93-40B6C9FAE18B}.Debug|Mixed Platforms.Build.0 = Debug|Any CPU
		{AE8E6F84-2F8F-4F9D-8D93-40B6C9FAE18B}.Debug|x86.ActiveCfg = Debug|Any CPU
		{AE8E6F84-2F8F-4F9D-8D93-40B6C9FAE18B}.Release|Any CPU.ActiveCfg = Release|Any CPU
		{AE8E6F84-2F8F-4F9D-8D93-40B6C9FAE18B}.Release|Any CPU.Build.0 = Release|Any CPU
		{AE8E6F84-2F8F-4F9D-8D93-40B6C9FAE18B}.Release|Mixed Platforms.ActiveCfg = Release|Any CPU
		{AE8E6F84-2F8F-4F9D-8D93-40B6C9FAE18B}.Release|Mixed Platforms.Build.0 = Release|Any CPU
		{AE8E6F84-2F8F-4F9D-8D93-40B6C9FAE18B}.Release|x86.ActiveCfg = Release|Any CPU
		{D50E948D-522B-443F-9866-B56C6411D1E3}.Debug|Any CPU.ActiveCfg = Debug|Any CPU
		{D50E948D-522B-443F-9866-B56C6411D1E3}.Debug|Any CPU.Build.0 = Debug|Any CPU
		{D50E948D-522B-443F-9866-B56C6411D1E3}.Debug|Mixed Platforms.ActiveCfg = Debug|Any CPU
		{D50E948D-522B-443F-9866-B56C6411D1E3}.Debug|Mixed Platforms.Build.0 = Debug|Any CPU
		{D50E948D-522B-443F-9866-B56C6411D1E3}.Debug|x86.ActiveCfg = Debug|Any CPU
		{D50E948D-522B-443F-9866-B56C6411D1E3}.Release|Any CPU.ActiveCfg = Release|Any CPU
		{D50E948D-522B-443F-9866-B56C6411D1E3}.Release|Any CPU.Build.0 = Release|Any CPU
		{D50E948D-522B-443F-9866-B56C6411D1E3}.Release|Mixed Platforms.ActiveCfg = Release|Any CPU
		{D50E948D-522B-443F-9866-B56C6411D1E3}.Release|Mixed Platforms.Build.0 = Release|Any CPU
		{D50E948D-522B-443F-9866-B56C6411D1E3}.Release|x86.ActiveCfg = Release|Any CPU
		{06189757-FBB9-4D00-8B9E-7BEBB543E66C}.Debug|Any CPU.ActiveCfg = Debug|Any CPU
		{06189757-FBB9-4D00-8B9E-7BEBB543E66C}.Debug|Any CPU.Build.0 = Debug|Any CPU
		{06189757-FBB9-4D00-8B9E-7BEBB543E66C}.Debug|Mixed Platforms.ActiveCfg = Debug|Any CPU
		{06189757-FBB9-4D00-8B9E-7BEBB543E66C}.Debug|Mixed Platforms.Build.0 = Debug|Any CPU
		{06189757-FBB9-4D00-8B9E-7BEBB543E66C}.Debug|x86.ActiveCfg = Debug|Any CPU
		{06189757-FBB9-4D00-8B9E-7BEBB543E66C}.Debug|x86.Build.0 = Debug|Any CPU
		{06189757-FBB9-4D00-8B9E-7BEBB543E66C}.Release|Any CPU.ActiveCfg = Release|Any CPU
		{06189757-FBB9-4D00-8B9E-7BEBB543E66C}.Release|Any CPU.Build.0 = Release|Any CPU
		{06189757-FBB9-4D00-8B9E-7BEBB543E66C}.Release|Mixed Platforms.ActiveCfg = Release|Any CPU
		{06189757-FBB9-4D00-8B9E-7BEBB543E66C}.Release|Mixed Platforms.Build.0 = Release|Any CPU
		{06189757-FBB9-4D00-8B9E-7BEBB543E66C}.Release|x86.ActiveCfg = Release|Any CPU
		{06189757-FBB9-4D00-8B9E-7BEBB543E66C}.Release|x86.Build.0 = Release|Any CPU
		{0E0AA042-151E-4D59-A26D-4D262660E491}.Debug|Any CPU.ActiveCfg = Debug|Any CPU
		{0E0AA042-151E-4D59-A26D-4D262660E491}.Debug|Any CPU.Build.0 = Debug|Any CPU
		{0E0AA042-151E-4D59-A26D-4D262660E491}.Debug|Mixed Platforms.ActiveCfg = Debug|Any CPU
		{0E0AA042-151E-4D59-A26D-4D262660E491}.Debug|Mixed Platforms.Build.0 = Debug|Any CPU
		{0E0AA042-151E-4D59-A26D-4D262660E491}.Debug|x86.ActiveCfg = Debug|Any CPU
		{0E0AA042-151E-4D59-A26D-4D262660E491}.Debug|x86.Build.0 = Debug|Any CPU
		{0E0AA042-151E-4D59-A26D-4D262660E491}.Release|Any CPU.ActiveCfg = Release|Any CPU
		{0E0AA042-151E-4D59-A26D-4D262660E491}.Release|Any CPU.Build.0 = Release|Any CPU
		{0E0AA042-151E-4D59-A26D-4D262660E491}.Release|Mixed Platforms.ActiveCfg = Release|Any CPU
		{0E0AA042-151E-4D59-A26D-4D262660E491}.Release|Mixed Platforms.Build.0 = Release|Any CPU
		{0E0AA042-151E-4D59-A26D-4D262660E491}.Release|x86.ActiveCfg = Release|Any CPU
		{0E0AA042-151E-4D59-A26D-4D262660E491}.Release|x86.Build.0 = Release|Any CPU
		{267A47BA-E5E2-489F-B1D7-B0D663AF316B}.Debug|Any CPU.ActiveCfg = Debug|Any CPU
		{267A47BA-E5E2-489F-B1D7-B0D663AF316B}.Debug|Any CPU.Build.0 = Debug|Any CPU
		{267A47BA-E5E2-489F-B1D7-B0D663AF316B}.Debug|Mixed Platforms.ActiveCfg = Debug|Any CPU
		{267A47BA-E5E2-489F-B1D7-B0D663AF316B}.Debug|Mixed Platforms.Build.0 = Debug|Any CPU
		{267A47BA-E5E2-489F-B1D7-B0D663AF316B}.Debug|x86.ActiveCfg = Debug|Any CPU
		{267A47BA-E5E2-489F-B1D7-B0D663AF316B}.Debug|x86.Build.0 = Debug|Any CPU
		{267A47BA-E5E2-489F-B1D7-B0D663AF316B}.Release|Any CPU.ActiveCfg = Release|Any CPU
		{267A47BA-E5E2-489F-B1D7-B0D663AF316B}.Release|Any CPU.Build.0 = Release|Any CPU
		{267A47BA-E5E2-489F-B1D7-B0D663AF316B}.Release|Mixed Platforms.ActiveCfg = Release|Any CPU
		{267A47BA-E5E2-489F-B1D7-B0D663AF316B}.Release|Mixed Platforms.Build.0 = Release|Any CPU
		{267A47BA-E5E2-489F-B1D7-B0D663AF316B}.Release|x86.ActiveCfg = Release|Any CPU
		{267A47BA-E5E2-489F-B1D7-B0D663AF316B}.Release|x86.Build.0 = Release|Any CPU
	EndGlobalSection
	GlobalSection(SolutionProperties) = preSolution
		HideSolutionNode = FALSE
	EndGlobalSection
	GlobalSection(NestedProjects) = preSolution
		{06189757-FBB9-4D00-8B9E-7BEBB543E66C} = {38848BBA-8A19-40BD-984B-F6A95C7DF611}
		{0E0AA042-151E-4D59-A26D-4D262660E491} = {38848BBA-8A19-40BD-984B-F6A95C7DF611}
		{267A47BA-E5E2-489F-B1D7-B0D663AF316B} = {38848BBA-8A19-40BD-984B-F6A95C7DF611}
	EndGlobalSection
EndGlobal
