
Microsoft Visual Studio Solution File, Format Version 12.00
# Visual Studio 14
VisualStudioVersion = 14.0.25420.1
MinimumVisualStudioVersion = 10.0.40219.1
Project("{FAE04EC0-301F-11D3-BF4B-00C04F79EFBC}") = "ActionExtenderSample.WisejWeb", "ActionExtenderSample.WisejWeb\ActionExtenderSample.WisejWeb.csproj", "{BA22EE1E-C853-40B1-A5C1-ED2B10300AC8}"
EndProject
Project("{FAE04EC0-301F-11D3-BF4B-00C04F79EFBC}") = "ActionExtenderSample.Business", "ActionExtenderSample.Business\ActionExtenderSample.Business.csproj", "{95A0456E-6FFD-41F5-87F4-E4497192D2C8}"
EndProject
Project("{FAE04EC0-301F-11D3-BF4B-00C04F79EFBC}") = "ActionExtenderSample.DataAccess", "ActionExtenderSample.DataAccess\ActionExtenderSample.DataAccess.csproj", "{2A993DBF-5F32-4AFC-8EE8-DD52A44775AC}"
EndProject
Project("{FAE04EC0-301F-11D3-BF4B-00C04F79EFBC}") = "ActionExtenderSample.DataAccess.Sql", "ActionExtenderSample.DataAccess.Sql\ActionExtenderSample.DataAccess.Sql.csproj", "{04BE2B13-D0CC-4D31-98DC-022B68106842}"
EndProject
Project("{2150E333-8FDC-42A3-9474-1A3956D46DE8}") = "Framework projects", "Framework projects", "{81C2C10D-DC47-4FC6-90C9-F18184C39F6A}"
EndProject
Project("{FAE04EC0-301F-11D3-BF4B-00C04F79EFBC}") = "CslaContrib.WisejWeb.Net45", "..\..\Source\CslaContrib.WisejWeb.Net45\CslaContrib.WisejWeb.Net45.csproj", "{60310B97-943A-4068-BF43-A8EC6676AB3F}"
EndProject
Project("{2150E333-8FDC-42A3-9474-1A3956D46DE8}") = "How to run", "How to run", "{5CC98BDC-BF75-45F2-8B5C-EF7AAAAC9561}"
	ProjectSection(SolutionItems) = preProject
		How to run.txt = How to run.txt
	EndProjectSection
EndProject
Project("{2150E333-8FDC-42A3-9474-1A3956D46DE8}") = "Solution Items", "Solution Items", "{19602D90-4B4D-4752-92B5-2AD4F661C370}"
	ProjectSection(SolutionItems) = preProject
		Readme.txt = Readme.txt
	EndProjectSection
EndProject
Global
	GlobalSection(SolutionConfigurationPlatforms) = preSolution
		Debug|Any CPU = Debug|Any CPU
		Release|Any CPU = Release|Any CPU
	EndGlobalSection
	GlobalSection(ProjectConfigurationPlatforms) = postSolution
		{BA22EE1E-C853-40B1-A5C1-ED2B10300AC8}.Debug|Any CPU.ActiveCfg = Debug|Any CPU
		{BA22EE1E-C853-40B1-A5C1-ED2B10300AC8}.Debug|Any CPU.Build.0 = Debug|Any CPU
		{BA22EE1E-C853-40B1-A5C1-ED2B10300AC8}.Release|Any CPU.ActiveCfg = Release|Any CPU
		{BA22EE1E-C853-40B1-A5C1-ED2B10300AC8}.Release|Any CPU.Build.0 = Release|Any CPU
		{95A0456E-6FFD-41F5-87F4-E4497192D2C8}.Debug|Any CPU.ActiveCfg = Debug|Any CPU
		{95A0456E-6FFD-41F5-87F4-E4497192D2C8}.Debug|Any CPU.Build.0 = Debug|Any CPU
		{95A0456E-6FFD-41F5-87F4-E4497192D2C8}.Release|Any CPU.ActiveCfg = Release|Any CPU
		{95A0456E-6FFD-41F5-87F4-E4497192D2C8}.Release|Any CPU.Build.0 = Release|Any CPU
		{2A993DBF-5F32-4AFC-8EE8-DD52A44775AC}.Debug|Any CPU.ActiveCfg = Debug|Any CPU
		{2A993DBF-5F32-4AFC-8EE8-DD52A44775AC}.Debug|Any CPU.Build.0 = Debug|Any CPU
		{2A993DBF-5F32-4AFC-8EE8-DD52A44775AC}.Release|Any CPU.ActiveCfg = Release|Any CPU
		{2A993DBF-5F32-4AFC-8EE8-DD52A44775AC}.Release|Any CPU.Build.0 = Release|Any CPU
		{04BE2B13-D0CC-4D31-98DC-022B68106842}.Debug|Any CPU.ActiveCfg = Debug|Any CPU
		{04BE2B13-D0CC-4D31-98DC-022B68106842}.Debug|Any CPU.Build.0 = Debug|Any CPU
		{04BE2B13-D0CC-4D31-98DC-022B68106842}.Release|Any CPU.ActiveCfg = Release|Any CPU
		{04BE2B13-D0CC-4D31-98DC-022B68106842}.Release|Any CPU.Build.0 = Release|Any CPU
		{60310B97-943A-4068-BF43-A8EC6676AB3F}.Debug|Any CPU.ActiveCfg = Debug|Any CPU
		{60310B97-943A-4068-BF43-A8EC6676AB3F}.Debug|Any CPU.Build.0 = Debug|Any CPU
		{60310B97-943A-4068-BF43-A8EC6676AB3F}.Release|Any CPU.ActiveCfg = Release|Any CPU
		{60310B97-943A-4068-BF43-A8EC6676AB3F}.Release|Any CPU.Build.0 = Release|Any CPU
	EndGlobalSection
	GlobalSection(SolutionProperties) = preSolution
		HideSolutionNode = FALSE
	EndGlobalSection
	GlobalSection(NestedProjects) = preSolution
		{60310B97-943A-4068-BF43-A8EC6676AB3F} = {81C2C10D-DC47-4FC6-90C9-F18184C39F6A}
	EndGlobalSection
EndGlobal
