
Microsoft Visual Studio Solution File, Format Version 12.00
# Visual Studio 14
VisualStudioVersion = 14.0.25420.1
MinimumVisualStudioVersion = 10.0.40219.1
Project("{FAE04EC0-301F-11D3-BF4B-00C04F79EFBC}") = "SmartDateExtendedParserSample.Net45", "SmartDateExtendedParserSample.Net45\SmartDateExtendedParserSample.Net45.csproj", "{524E3B61-6F79-4F3E-BEB6-C1740287419E}"
EndProject
Project("{2150E333-8FDC-42A3-9474-1A3956D46DE8}") = "- Solution Items", "- Solution Items", "{8C23FC3A-5F4D-42FF-9B3E-71949C244E8F}"
	ProjectSection(SolutionItems) = preProject
		Readme.txt = Readme.txt
	EndProjectSection
EndProject
Project("{2150E333-8FDC-42A3-9474-1A3956D46DE8}") = "Framework projects", "Framework projects", "{E86BEAA0-A441-4064-8BD8-38D905494F79}"
EndProject
Project("{FAE04EC0-301F-11D3-BF4B-00C04F79EFBC}") = "CslaContrib.Net45", "..\..\Source\CslaContrib.Net45\CslaContrib.Net45.csproj", "{267A47BA-E5E2-489F-B1D7-B0D663AF316B}"
EndProject
Global
	GlobalSection(SolutionConfigurationPlatforms) = preSolution
		Debug|Any CPU = Debug|Any CPU
		Debug|Mixed Platforms = Debug|Mixed Platforms
		Debug|x86 = Debug|x86
		Release|Any CPU = Release|Any CPU
		Release|Mixed Platforms = Release|Mixed Platforms
		Release|x86 = Release|x86
	EndGlobalSection
	GlobalSection(ProjectConfigurationPlatforms) = postSolution
		{524E3B61-6F79-4F3E-BEB6-C1740287419E}.Debug|Any CPU.ActiveCfg = Debug|x86
		{524E3B61-6F79-4F3E-BEB6-C1740287419E}.Debug|Mixed Platforms.ActiveCfg = Debug|x86
		{524E3B61-6F79-4F3E-BEB6-C1740287419E}.Debug|Mixed Platforms.Build.0 = Debug|x86
		{524E3B61-6F79-4F3E-BEB6-C1740287419E}.Debug|x86.ActiveCfg = Debug|x86
		{524E3B61-6F79-4F3E-BEB6-C1740287419E}.Debug|x86.Build.0 = Debug|x86
		{524E3B61-6F79-4F3E-BEB6-C1740287419E}.Release|Any CPU.ActiveCfg = Release|x86
		{524E3B61-6F79-4F3E-BEB6-C1740287419E}.Release|Mixed Platforms.ActiveCfg = Release|x86
		{524E3B61-6F79-4F3E-BEB6-C1740287419E}.Release|Mixed Platforms.Build.0 = Release|x86
		{524E3B61-6F79-4F3E-BEB6-C1740287419E}.Release|x86.ActiveCfg = Release|x86
		{524E3B61-6F79-4F3E-BEB6-C1740287419E}.Release|x86.Build.0 = Release|x86
		{267A47BA-E5E2-489F-B1D7-B0D663AF316B}.Debug|Any CPU.ActiveCfg = Debug|Any CPU
		{267A47BA-E5E2-489F-B1D7-B0D663AF316B}.Debug|Any CPU.Build.0 = Debug|Any CPU
		{267A47BA-E5E2-489F-B1D7-B0D663AF316B}.Debug|Mixed Platforms.ActiveCfg = Debug|Any CPU
		{267A47BA-E5E2-489F-B1D7-B0D663AF316B}.Debug|Mixed Platforms.Build.0 = Debug|Any CPU
		{267A47BA-E5E2-489F-B1D7-B0D663AF316B}.Debug|x86.ActiveCfg = Debug|Any CPU
		{267A47BA-E5E2-489F-B1D7-B0D663AF316B}.Debug|x86.Build.0 = Debug|Any CPU
		{267A47BA-E5E2-489F-B1D7-B0D663AF316B}.Release|Any CPU.ActiveCfg = Release|Any CPU
		{267A47BA-E5E2-489F-B1D7-B0D663AF316B}.Release|Any CPU.Build.0 = Release|Any CPU
		{267A47BA-E5E2-489F-B1D7-B0D663AF316B}.Release|Mixed Platforms.ActiveCfg = Release|Any CPU
		{267A47BA-E5E2-489F-B1D7-B0D663AF316B}.Release|Mixed Platforms.Build.0 = Release|Any CPU
		{267A47BA-E5E2-489F-B1D7-B0D663AF316B}.Release|x86.ActiveCfg = Release|Any CPU
		{267A47BA-E5E2-489F-B1D7-B0D663AF316B}.Release|x86.Build.0 = Release|Any CPU
	EndGlobalSection
	GlobalSection(SolutionProperties) = preSolution
		HideSolutionNode = FALSE
	EndGlobalSection
	GlobalSection(NestedProjects) = preSolution
		{267A47BA-E5E2-489F-B1D7-B0D663AF316B} = {E86BEAA0-A441-4064-8BD8-38D905494F79}
	EndGlobalSection
EndGlobal
