
Microsoft Visual Studio Solution File, Format Version 10.00
# Visual Studio 2008
Project("{FAE04EC0-301F-11D3-BF4B-00C04F79EFBC}") = "PTWpf.Shell", "PTWpf.Shell\PTWpf.Shell.csproj", "{03B84517-4F42-4DDC-8DB1-9BF18B64A256}"
EndProject
Global
	GlobalSection(TeamFoundationVersionControl) = preSolution
		SccNumberOfProjects = 2
		SccEnterpriseProvider = {4CA58AB2-18FA-4F8D-95D4-32DDF27D184C}
		SccTeamFoundationServer = https://tfs01.codeplex.com/
		SccLocalPath0 = .
		SccProjectUniqueName1 = PTWpf.Shell\\PTWpf.Shell.csproj
		SccProjectName1 = PTWpf.Shell
		SccLocalPath1 = PTWpf.Shell
	EndGlobalSection
	GlobalSection(SolutionConfigurationPlatforms) = preSolution
		Debug|Any CPU = Debug|Any CPU
		Release|Any CPU = Release|Any CPU
	EndGlobalSection
	GlobalSection(ProjectConfigurationPlatforms) = postSolution
		{03B84517-4F42-4DDC-8DB1-9BF18B64A256}.Debug|Any CPU.ActiveCfg = Debug|Any CPU
		{03B84517-4F42-4DDC-8DB1-9BF18B64A256}.Debug|Any CPU.Build.0 = Debug|Any CPU
		{03B84517-4F42-4DDC-8DB1-9BF18B64A256}.Release|Any CPU.ActiveCfg = Release|Any CPU
		{03B84517-4F42-4DDC-8DB1-9BF18B64A256}.Release|Any CPU.Build.0 = Release|Any CPU
	EndGlobalSection
	GlobalSection(SolutionProperties) = preSolution
		HideSolutionNode = FALSE
	EndGlobalSection
EndGlobal
